// !$*UTF8*$!
{
	archiveVersion = 1;
	classes = {
	};
	objectVersion = 52;
	objects = {

/* Begin PBXBuildFile section */
		8508E14C2634E1E0007FA049 /* DBSROnboardingLabel.swift in Sources */ = {isa = PBXBuildFile; fileRef = 8508E14B2634E1E0007FA049 /* DBSROnboardingLabel.swift */; };
		850FB558260CB4DD001AD034 /* FavouritesView.swift in Sources */ = {isa = PBXBuildFile; fileRef = 850FB557260CB4DD001AD034 /* FavouritesView.swift */; };
		8519D27A262DEE4300806839 /* TitleLabel.swift in Sources */ = {isa = PBXBuildFile; fileRef = 8519D279262DEE4300806839 /* TitleLabel.swift */; };
		851F7A042635E71700806FF8 /* DetailFavouriteButtonView.swift in Sources */ = {isa = PBXBuildFile; fileRef = 851F7A032635E71700806FF8 /* DetailFavouriteButtonView.swift */; };
		851F7A092635E73B00806FF8 /* DetailBuyTicketButtonView.swift in Sources */ = {isa = PBXBuildFile; fileRef = 851F7A082635E73B00806FF8 /* DetailBuyTicketButtonView.swift */; };
		851F8326263EAB6700BAEBCA /* MapView.swift in Sources */ = {isa = PBXBuildFile; fileRef = 851F8325263EAB6700BAEBCA /* MapView.swift */; };
		8528211E26276BF8007B83EC /* UINavigationController+Extension.swift in Sources */ = {isa = PBXBuildFile; fileRef = 8528211D26276BF8007B83EC /* UINavigationController+Extension.swift */; };
		852821282627716F007B83EC /* DelaGothicOne-Regular.ttf in Resources */ = {isa = PBXBuildFile; fileRef = 852821272627716F007B83EC /* DelaGothicOne-Regular.ttf */; };
		8528213826277AF6007B83EC /* SeparatorView.swift in Sources */ = {isa = PBXBuildFile; fileRef = 8528213726277AF6007B83EC /* SeparatorView.swift */; };
		85282140262787C0007B83EC /* DetailMetaView.swift in Sources */ = {isa = PBXBuildFile; fileRef = 8528213F262787C0007B83EC /* DetailMetaView.swift */; };
		852A343926362AF800677B9D /* LaunchScreen.storyboard in Resources */ = {isa = PBXBuildFile; fileRef = 852A343826362AF800677B9D /* LaunchScreen.storyboard */; };
		852FBE9E26275CF200060A7E /* WillDisappearModifier.swift in Sources */ = {isa = PBXBuildFile; fileRef = 852FBE9D26275CF200060A7E /* WillDisappearModifier.swift */; };
		8530336A262E1D9700C93D1B /* TitleView.swift in Sources */ = {isa = PBXBuildFile; fileRef = 85303369262E1D9700C93D1B /* TitleView.swift */; };
		85303373262E1E2400C93D1B /* DBSROnboardingView.swift in Sources */ = {isa = PBXBuildFile; fileRef = 8530336E262E1E2400C93D1B /* DBSROnboardingView.swift */; };
		85303374262E1E2400C93D1B /* DBSROnboardingButton.swift in Sources */ = {isa = PBXBuildFile; fileRef = 8530336F262E1E2400C93D1B /* DBSROnboardingButton.swift */; };
		85303375262E1E2400C93D1B /* Onboarding.storyboard in Resources */ = {isa = PBXBuildFile; fileRef = 85303370262E1E2400C93D1B /* Onboarding.storyboard */; };
		85303376262E1E2400C93D1B /* DBSROnboardingStepViewController.swift in Sources */ = {isa = PBXBuildFile; fileRef = 85303371262E1E2400C93D1B /* DBSROnboardingStepViewController.swift */; };
		85303377262E1E2400C93D1B /* DBSROnboardingViewController.swift in Sources */ = {isa = PBXBuildFile; fileRef = 85303372262E1E2400C93D1B /* DBSROnboardingViewController.swift */; };
		85303381262E1EF200C93D1B /* OnboardingView.swift in Sources */ = {isa = PBXBuildFile; fileRef = 85303380262E1EF200C93D1B /* OnboardingView.swift */; };
		85303386262F6DF200C93D1B /* UIDevice+Extension.swift in Sources */ = {isa = PBXBuildFile; fileRef = 85303385262F6DF200C93D1B /* UIDevice+Extension.swift */; };
		8547265F26467AE3007D1611 /* DetailTopMetaView.swift in Sources */ = {isa = PBXBuildFile; fileRef = 8547265E26467AE3007D1611 /* DetailTopMetaView.swift */; };
		8547266326467C6A007D1611 /* DetailSpotifyPlayerView.swift in Sources */ = {isa = PBXBuildFile; fileRef = 8547266226467C6A007D1611 /* DetailSpotifyPlayerView.swift */; };
		854E2980262CB3C0003AC567 /* Localizable.strings in Resources */ = {isa = PBXBuildFile; fileRef = 854E296C262CB0C0003AC567 /* Localizable.strings */; };
		855090452621FDCB000C88BF /* TabViewRouter.swift in Sources */ = {isa = PBXBuildFile; fileRef = 855090442621FDCB000C88BF /* TabViewRouter.swift */; };
		855310D3260C8BFA00F0D5F7 /* EventListView.swift in Sources */ = {isa = PBXBuildFile; fileRef = 855310D2260C8BFA00F0D5F7 /* EventListView.swift */; };
		855310D8260C8C0600F0D5F7 /* SettingsView.swift in Sources */ = {isa = PBXBuildFile; fileRef = 855310D7260C8C0600F0D5F7 /* SettingsView.swift */; };
		85560F2F261B2B0C002A4A3B /* Event.swift in Sources */ = {isa = PBXBuildFile; fileRef = 85560F2E261B2B0C002A4A3B /* Event.swift */; platformFilter = ios; };
		85586BFC263C610D009857B0 /* EventViewModel.swift in Sources */ = {isa = PBXBuildFile; fileRef = 85586BFB263C610D009857B0 /* EventViewModel.swift */; };
		8559C4FB26468FFC0056496D /* Theme.swift in Sources */ = {isa = PBXBuildFile; fileRef = 85DFC06B264686350042401D /* Theme.swift */; };
		8559C4FC264690A20056496D /* Assets.xcassets in Resources */ = {isa = PBXBuildFile; fileRef = 855B1A3125FB5B5F00C7A219 /* Assets.xcassets */; };
		855B1A2E25FB5B5C00C7A219 /* DebaserApp.swift in Sources */ = {isa = PBXBuildFile; fileRef = 855B1A2D25FB5B5C00C7A219 /* DebaserApp.swift */; };
		855B1A3025FB5B5C00C7A219 /* ContentView.swift in Sources */ = {isa = PBXBuildFile; fileRef = 855B1A2F25FB5B5C00C7A219 /* ContentView.swift */; };
		855B1A3225FB5B5F00C7A219 /* Assets.xcassets in Resources */ = {isa = PBXBuildFile; fileRef = 855B1A3125FB5B5F00C7A219 /* Assets.xcassets */; };
		855B1A3525FB5B5F00C7A219 /* Preview Assets.xcassets in Resources */ = {isa = PBXBuildFile; fileRef = 855B1A3425FB5B5F00C7A219 /* Preview Assets.xcassets */; };
		85616EDE262992E50018C955 /* ListHeaderView.swift in Sources */ = {isa = PBXBuildFile; fileRef = 85616EDD262992E50018C955 /* ListHeaderView.swift */; };
		856926C7260BE234004B1761 /* Event.swift in Sources */ = {isa = PBXBuildFile; fileRef = 856926C6260BE234004B1761 /* Event.swift */; };
		856926D0260BE24B004B1761 /* EventService.swift in Sources */ = {isa = PBXBuildFile; fileRef = 856926CF260BE24B004B1761 /* EventService.swift */; };
		856926DF260BE9B2004B1761 /* ListView.swift in Sources */ = {isa = PBXBuildFile; fileRef = 856926DE260BE9B2004B1761 /* ListView.swift */; };
		857F1F09263B1306005BB985 /* WidgetKit.framework in Frameworks */ = {isa = PBXBuildFile; fileRef = 857F1F08263B1306005BB985 /* WidgetKit.framework */; };
		857F1F0B263B1306005BB985 /* SwiftUI.framework in Frameworks */ = {isa = PBXBuildFile; fileRef = 857F1F0A263B1306005BB985 /* SwiftUI.framework */; };
		857F1F0E263B1306005BB985 /* DebaserWidget.swift in Sources */ = {isa = PBXBuildFile; fileRef = 857F1F0D263B1306005BB985 /* DebaserWidget.swift */; };
		857F1F11263B1307005BB985 /* Assets.xcassets in Resources */ = {isa = PBXBuildFile; fileRef = 857F1F10263B1307005BB985 /* Assets.xcassets */; };
		857F1F17263B1307005BB985 /* WidgetExtension.appex in Embed App Extensions */ = {isa = PBXBuildFile; fileRef = 857F1F07263B1306005BB985 /* WidgetExtension.appex */; settings = {ATTRIBUTES = (RemoveHeadersOnCopy, ); }; };
		857F1F1B263B149B005BB985 /* EventService.swift in Sources */ = {isa = PBXBuildFile; fileRef = 856926CF260BE24B004B1761 /* EventService.swift */; };
		857F1F1C263B15FD005BB985 /* EventViewModel.swift in Sources */ = {isa = PBXBuildFile; fileRef = 85EEAB21262B25F70000B85E /* EventViewModel.swift */; };
		857F1F1D263B1607005BB985 /* Event.swift in Sources */ = {isa = PBXBuildFile; fileRef = 856926C6260BE234004B1761 /* Event.swift */; };
		857F1F20263B2A3A005BB985 /* DelaGothicOne-Regular.ttf in Resources */ = {isa = PBXBuildFile; fileRef = 852821272627716F007B83EC /* DelaGothicOne-Regular.ttf */; };
		857F1F24263B2D0C005BB985 /* Localizable.strings in Resources */ = {isa = PBXBuildFile; fileRef = 854E296C262CB0C0003AC567 /* Localizable.strings */; };
		857F1F25263B2E15005BB985 /* Debaser.plist in Resources */ = {isa = PBXBuildFile; fileRef = 858E1E0126346E6100C3E941 /* Debaser.plist */; };
		858E1E0226346E6100C3E941 /* Debaser.plist in Resources */ = {isa = PBXBuildFile; fileRef = 858E1E0126346E6100C3E941 /* Debaser.plist */; };
		858E1E0B2634860C00C3E941 /* WebView.swift in Sources */ = {isa = PBXBuildFile; fileRef = 858E1E0A2634860C00C3E941 /* WebView.swift */; };
		8599431F263434D800128A73 /* ListMiddlewares.swift in Sources */ = {isa = PBXBuildFile; fileRef = 8599431E263434D800128A73 /* ListMiddlewares.swift */; };
		85994326263434F500128A73 /* SettingsActions.swift in Sources */ = {isa = PBXBuildFile; fileRef = 85994325263434F500128A73 /* SettingsActions.swift */; };
		8599432B2634350F00128A73 /* ListActions.swift in Sources */ = {isa = PBXBuildFile; fileRef = 8599432A2634350F00128A73 /* ListActions.swift */; };
		8599433F2634355A00128A73 /* SettingsReducer.swift in Sources */ = {isa = PBXBuildFile; fileRef = 8599433E2634355A00128A73 /* SettingsReducer.swift */; };
		859943442634357700128A73 /* ListReducer.swift in Sources */ = {isa = PBXBuildFile; fileRef = 859943432634357700128A73 /* ListReducer.swift */; };
		8599435C26344F9600128A73 /* OnboardingActions.swift in Sources */ = {isa = PBXBuildFile; fileRef = 8599435B26344F9600128A73 /* OnboardingActions.swift */; };
		8599436426344FD900128A73 /* OnboardingReducer.swift in Sources */ = {isa = PBXBuildFile; fileRef = 8599436326344FD900128A73 /* OnboardingReducer.swift */; };
		85A8BAE62634C2A600E591A1 /* SettingsSpotifyView.swift in Sources */ = {isa = PBXBuildFile; fileRef = 85A8BAE52634C2A600E591A1 /* SettingsSpotifyView.swift */; };
		85A8BAEB2634C2BC00E591A1 /* SettingsAboutView.swift in Sources */ = {isa = PBXBuildFile; fileRef = 85A8BAEA2634C2BC00E591A1 /* SettingsAboutView.swift */; };
		85B0606C2627A8BF006D2D9D /* Store.swift in Sources */ = {isa = PBXBuildFile; fileRef = 85B0606B2627A8BF006D2D9D /* Store.swift */; };
		85B060762627A927006D2D9D /* Actions.swift in Sources */ = {isa = PBXBuildFile; fileRef = 85B060752627A927006D2D9D /* Actions.swift */; };
		85B0607B2627A96E006D2D9D /* Reducer.swift in Sources */ = {isa = PBXBuildFile; fileRef = 85B0607A2627A96E006D2D9D /* Reducer.swift */; };
		85B060832628390F006D2D9D /* DetailTopImageView.swift in Sources */ = {isa = PBXBuildFile; fileRef = 85B060822628390F006D2D9D /* DetailTopImageView.swift */; };
		85B4498326383E9900C095FA /* Messages.framework in Frameworks */ = {isa = PBXBuildFile; fileRef = 85B4498226383E9900C095FA /* Messages.framework */; };
		85B4498B26383E9C00C095FA /* Assets.xcassets in Resources */ = {isa = PBXBuildFile; fileRef = 85B4498A26383E9C00C095FA /* Assets.xcassets */; };
		85B4498F26383E9C00C095FA /* iMessage.appex in Embed App Extensions */ = {isa = PBXBuildFile; fileRef = 85B4498126383E9900C095FA /* iMessage.appex */; settings = {ATTRIBUTES = (RemoveHeadersOnCopy, ); }; };
		85B4499B26383EF800C095FA /* MessagesTableViewCell.swift in Sources */ = {isa = PBXBuildFile; fileRef = 85B4499826383EF800C095FA /* MessagesTableViewCell.swift */; };
		85B4499D26383EF800C095FA /* MessagesTableViewCell.xib in Resources */ = {isa = PBXBuildFile; fileRef = 85B4499A26383EF800C095FA /* MessagesTableViewCell.xib */; };
		85B449A726383F1900C095FA /* Main.storyboard in Resources */ = {isa = PBXBuildFile; fileRef = 85B449A626383F1900C095FA /* Main.storyboard */; };
		85B449D9263847CA00C095FA /* Assets.xcassets in Resources */ = {isa = PBXBuildFile; fileRef = 855B1A3125FB5B5F00C7A219 /* Assets.xcassets */; };
		85B449DF2638485200C095FA /* MessagesViewViewModel.swift in Sources */ = {isa = PBXBuildFile; fileRef = 85B449DE2638485200C095FA /* MessagesViewViewModel.swift */; };
		85B449ED263849BA00C095FA /* EventService.swift in Sources */ = {isa = PBXBuildFile; fileRef = 856926CF260BE24B004B1761 /* EventService.swift */; };
		85B449F2263849D900C095FA /* EventViewModel.swift in Sources */ = {isa = PBXBuildFile; fileRef = 85EEAB21262B25F70000B85E /* EventViewModel.swift */; };
		85B449F7263849E500C095FA /* Event.swift in Sources */ = {isa = PBXBuildFile; fileRef = 856926C6260BE234004B1761 /* Event.swift */; };
		85B44A0526384C4F00C095FA /* Debaser.plist in Resources */ = {isa = PBXBuildFile; fileRef = 858E1E0126346E6100C3E941 /* Debaser.plist */; };
		85B44A0A26384EEE00C095FA /* DelaGothicOne-Regular.ttf in Resources */ = {isa = PBXBuildFile; fileRef = 852821272627716F007B83EC /* DelaGothicOne-Regular.ttf */; };
		85B44A1926385A2200C095FA /* MessagesViewController.swift in Sources */ = {isa = PBXBuildFile; fileRef = 85B44A1826385A2200C095FA /* MessagesViewController.swift */; };
		85B5CDE3261F0F0800A55398 /* RowCompactView.swift in Sources */ = {isa = PBXBuildFile; fileRef = 85B5CDE2261F0F0800A55398 /* RowCompactView.swift */; };
		85BC0B27261658D600589240 /* RowView.swift in Sources */ = {isa = PBXBuildFile; fileRef = 85BC0B26261658D600589240 /* RowView.swift */; };
		85BC0B2C2616592600589240 /* ImageViewModel.swift in Sources */ = {isa = PBXBuildFile; fileRef = 85BC0B2B2616592600589240 /* ImageViewModel.swift */; };
		85CB6BCB261F964D0065B897 /* UITabBarController+Extension.swift in Sources */ = {isa = PBXBuildFile; fileRef = 85CB6BCA261F964C0065B897 /* UITabBarController+Extension.swift */; };
		85D3AEB22639670F006A59A2 /* Calendar+Extension.swift in Sources */ = {isa = PBXBuildFile; fileRef = 85D3AEB12639670F006A59A2 /* Calendar+Extension.swift */; };
		85D3AED026398089006A59A2 /* CarouselView.swift in Sources */ = {isa = PBXBuildFile; fileRef = 85D3AECF26398089006A59A2 /* CarouselView.swift */; };
		85D3AED22639886C006A59A2 /* CarouselItem.swift in Sources */ = {isa = PBXBuildFile; fileRef = 85D3AED12639886C006A59A2 /* CarouselItem.swift */; };
		85D3AED42639A1CC006A59A2 /* AnimationCompletionObserverModifier.swift in Sources */ = {isa = PBXBuildFile; fileRef = 85D3AED32639A1CC006A59A2 /* AnimationCompletionObserverModifier.swift */; };
		85D7D7F82619F4550073E3BA /* DetailView.swift in Sources */ = {isa = PBXBuildFile; fileRef = 85D7D7F72619F4550073E3BA /* DetailView.swift */; };
		85D7D8022619F52C0073E3BA /* ImageService.swift in Sources */ = {isa = PBXBuildFile; fileRef = 85D7D8012619F52C0073E3BA /* ImageService.swift */; };
		85DFC06C264686350042401D /* Theme.swift in Sources */ = {isa = PBXBuildFile; fileRef = 85DFC06B264686350042401D /* Theme.swift */; };
		85DFC06D264688D40042401D /* Theme.swift in Sources */ = {isa = PBXBuildFile; fileRef = 85DFC06B264686350042401D /* Theme.swift */; };
		85EA85A92620FD6900F6D93A /* TabBar.swift in Sources */ = {isa = PBXBuildFile; fileRef = 85EA85A82620FD6900F6D93A /* TabBar.swift */; };
		85EEAB22262B25F70000B85E /* EventViewModel.swift in Sources */ = {isa = PBXBuildFile; fileRef = 85EEAB21262B25F70000B85E /* EventViewModel.swift */; };
		85EEB96626203FDB00DFC238 /* RoundedCorner.swift in Sources */ = {isa = PBXBuildFile; fileRef = 85EEB96526203FDB00DFC238 /* RoundedCorner.swift */; };
		85EEB96B2620404000DFC238 /* View+Extension.swift in Sources */ = {isa = PBXBuildFile; fileRef = 85EEB96A2620404000DFC238 /* View+Extension.swift */; };
		85FCAF11263723B800A0BC89 /* SpotifyAudioPlayback.framework in Frameworks */ = {isa = PBXBuildFile; fileRef = 85FCAF0E263723B800A0BC89 /* SpotifyAudioPlayback.framework */; };
		85FCAF12263723B800A0BC89 /* SpotifyAuthentication.framework in Frameworks */ = {isa = PBXBuildFile; fileRef = 85FCAF0F263723B800A0BC89 /* SpotifyAuthentication.framework */; };
		85FCAF13263723B800A0BC89 /* SpotifyMetadata.framework in Frameworks */ = {isa = PBXBuildFile; fileRef = 85FCAF10263723B800A0BC89 /* SpotifyMetadata.framework */; };
		85FCAF15263723FA00A0BC89 /* SpotifyService.swift in Sources */ = {isa = PBXBuildFile; fileRef = 85FCAF14263723FA00A0BC89 /* SpotifyService.swift */; };
		85FCAF2A26372E2000A0BC89 /* SpotifyActions.swift in Sources */ = {isa = PBXBuildFile; fileRef = 85FCAF2926372E2000A0BC89 /* SpotifyActions.swift */; };
		85FCAF2F26372E2900A0BC89 /* SpotifyReducer.swift in Sources */ = {isa = PBXBuildFile; fileRef = 85FCAF2E26372E2900A0BC89 /* SpotifyReducer.swift */; };
		85FCAF3D26375F4B00A0BC89 /* DetailViewStreamProgress.swift in Sources */ = {isa = PBXBuildFile; fileRef = 85FCAF3C26375F4B00A0BC89 /* DetailViewStreamProgress.swift */; };
/* End PBXBuildFile section */

/* Begin PBXContainerItemProxy section */
		855B1A3C25FB5B5F00C7A219 /* PBXContainerItemProxy */ = {
			isa = PBXContainerItemProxy;
			containerPortal = 855B1A2225FB5B5C00C7A219 /* Project object */;
			proxyType = 1;
			remoteGlobalIDString = 855B1A2925FB5B5C00C7A219;
			remoteInfo = Debaser;
		};
		855B1A4725FB5B5F00C7A219 /* PBXContainerItemProxy */ = {
			isa = PBXContainerItemProxy;
			containerPortal = 855B1A2225FB5B5C00C7A219 /* Project object */;
			proxyType = 1;
			remoteGlobalIDString = 855B1A2925FB5B5C00C7A219;
			remoteInfo = Debaser;
		};
		85B4498D26383E9C00C095FA /* PBXContainerItemProxy */ = {
			isa = PBXContainerItemProxy;
			containerPortal = 855B1A2225FB5B5C00C7A219 /* Project object */;
			proxyType = 1;
			remoteGlobalIDString = 85B4498026383E9900C095FA;
			remoteInfo = iMessage;
		};
/* End PBXContainerItemProxy section */

/* Begin PBXCopyFilesBuildPhase section */
		85B4499026383E9C00C095FA /* Embed App Extensions */ = {
			isa = PBXCopyFilesBuildPhase;
			buildActionMask = 2147483647;
			dstPath = "";
			dstSubfolderSpec = 13;
			files = (
				857F1F17263B1307005BB985 /* WidgetExtension.appex in Embed App Extensions */,
				85B4498F26383E9C00C095FA /* iMessage.appex in Embed App Extensions */,
			);
			name = "Embed App Extensions";
			runOnlyForDeploymentPostprocessing = 0;
		};
/* End PBXCopyFilesBuildPhase section */

/* Begin PBXFileReference section */
		8508E14B2634E1E0007FA049 /* DBSROnboardingLabel.swift */ = {isa = PBXFileReference; lastKnownFileType = sourcecode.swift; path = DBSROnboardingLabel.swift; sourceTree = "<group>"; };
		850FB557260CB4DD001AD034 /* FavouritesView.swift */ = {isa = PBXFileReference; lastKnownFileType = sourcecode.swift; path = FavouritesView.swift; sourceTree = "<group>"; };
		8519D279262DEE4300806839 /* TitleLabel.swift */ = {isa = PBXFileReference; lastKnownFileType = sourcecode.swift; path = TitleLabel.swift; sourceTree = "<group>"; };
		851F7A032635E71700806FF8 /* DetailFavouriteButtonView.swift */ = {isa = PBXFileReference; lastKnownFileType = sourcecode.swift; path = DetailFavouriteButtonView.swift; sourceTree = "<group>"; };
		851F7A082635E73B00806FF8 /* DetailBuyTicketButtonView.swift */ = {isa = PBXFileReference; lastKnownFileType = sourcecode.swift; path = DetailBuyTicketButtonView.swift; sourceTree = "<group>"; };
		851F8325263EAB6700BAEBCA /* MapView.swift */ = {isa = PBXFileReference; lastKnownFileType = sourcecode.swift; path = MapView.swift; sourceTree = "<group>"; };
		8528211D26276BF8007B83EC /* UINavigationController+Extension.swift */ = {isa = PBXFileReference; lastKnownFileType = sourcecode.swift; path = "UINavigationController+Extension.swift"; sourceTree = "<group>"; };
		852821272627716F007B83EC /* DelaGothicOne-Regular.ttf */ = {isa = PBXFileReference; lastKnownFileType = file; path = "DelaGothicOne-Regular.ttf"; sourceTree = "<group>"; };
		8528213726277AF6007B83EC /* SeparatorView.swift */ = {isa = PBXFileReference; lastKnownFileType = sourcecode.swift; path = SeparatorView.swift; sourceTree = "<group>"; };
		8528213F262787C0007B83EC /* DetailMetaView.swift */ = {isa = PBXFileReference; lastKnownFileType = sourcecode.swift; path = DetailMetaView.swift; sourceTree = "<group>"; };
		852A343826362AF800677B9D /* LaunchScreen.storyboard */ = {isa = PBXFileReference; lastKnownFileType = file.storyboard; path = LaunchScreen.storyboard; sourceTree = "<group>"; };
		852FBE9D26275CF200060A7E /* WillDisappearModifier.swift */ = {isa = PBXFileReference; lastKnownFileType = sourcecode.swift; path = WillDisappearModifier.swift; sourceTree = "<group>"; };
		85303369262E1D9700C93D1B /* TitleView.swift */ = {isa = PBXFileReference; lastKnownFileType = sourcecode.swift; path = TitleView.swift; sourceTree = "<group>"; };
		8530336E262E1E2400C93D1B /* DBSROnboardingView.swift */ = {isa = PBXFileReference; fileEncoding = 4; lastKnownFileType = sourcecode.swift; path = DBSROnboardingView.swift; sourceTree = "<group>"; };
		8530336F262E1E2400C93D1B /* DBSROnboardingButton.swift */ = {isa = PBXFileReference; fileEncoding = 4; lastKnownFileType = sourcecode.swift; path = DBSROnboardingButton.swift; sourceTree = "<group>"; };
		85303370262E1E2400C93D1B /* Onboarding.storyboard */ = {isa = PBXFileReference; fileEncoding = 4; lastKnownFileType = file.storyboard; path = Onboarding.storyboard; sourceTree = "<group>"; };
		85303371262E1E2400C93D1B /* DBSROnboardingStepViewController.swift */ = {isa = PBXFileReference; fileEncoding = 4; lastKnownFileType = sourcecode.swift; path = DBSROnboardingStepViewController.swift; sourceTree = "<group>"; };
		85303372262E1E2400C93D1B /* DBSROnboardingViewController.swift */ = {isa = PBXFileReference; fileEncoding = 4; lastKnownFileType = sourcecode.swift; path = DBSROnboardingViewController.swift; sourceTree = "<group>"; };
		85303380262E1EF200C93D1B /* OnboardingView.swift */ = {isa = PBXFileReference; lastKnownFileType = sourcecode.swift; path = OnboardingView.swift; sourceTree = "<group>"; };
		85303385262F6DF200C93D1B /* UIDevice+Extension.swift */ = {isa = PBXFileReference; lastKnownFileType = sourcecode.swift; path = "UIDevice+Extension.swift"; sourceTree = "<group>"; };
		8547265E26467AE3007D1611 /* DetailTopMetaView.swift */ = {isa = PBXFileReference; lastKnownFileType = sourcecode.swift; path = DetailTopMetaView.swift; sourceTree = "<group>"; };
		8547266226467C6A007D1611 /* DetailSpotifyPlayerView.swift */ = {isa = PBXFileReference; lastKnownFileType = sourcecode.swift; path = DetailSpotifyPlayerView.swift; sourceTree = "<group>"; };
		854E296B262CB0C0003AC567 /* en */ = {isa = PBXFileReference; lastKnownFileType = text.plist.strings; name = en; path = en.lproj/Localizable.strings; sourceTree = "<group>"; };
		854E2970262CB0C4003AC567 /* sv */ = {isa = PBXFileReference; lastKnownFileType = text.plist.strings; name = sv; path = sv.lproj/Localizable.strings; sourceTree = "<group>"; };
		855090442621FDCB000C88BF /* TabViewRouter.swift */ = {isa = PBXFileReference; lastKnownFileType = sourcecode.swift; path = TabViewRouter.swift; sourceTree = "<group>"; };
		855310D2260C8BFA00F0D5F7 /* EventListView.swift */ = {isa = PBXFileReference; lastKnownFileType = sourcecode.swift; path = EventListView.swift; sourceTree = "<group>"; };
		855310D7260C8C0600F0D5F7 /* SettingsView.swift */ = {isa = PBXFileReference; lastKnownFileType = sourcecode.swift; path = SettingsView.swift; sourceTree = "<group>"; };
		85560F2E261B2B0C002A4A3B /* Event.swift */ = {isa = PBXFileReference; lastKnownFileType = sourcecode.swift; path = Event.swift; sourceTree = "<group>"; };
		85586BFB263C610D009857B0 /* EventViewModel.swift */ = {isa = PBXFileReference; lastKnownFileType = sourcecode.swift; path = EventViewModel.swift; sourceTree = "<group>"; };
		855B1A2A25FB5B5C00C7A219 /* Debaser.app */ = {isa = PBXFileReference; explicitFileType = wrapper.application; includeInIndex = 0; path = Debaser.app; sourceTree = BUILT_PRODUCTS_DIR; };
		855B1A2D25FB5B5C00C7A219 /* DebaserApp.swift */ = {isa = PBXFileReference; lastKnownFileType = sourcecode.swift; path = DebaserApp.swift; sourceTree = "<group>"; };
		855B1A2F25FB5B5C00C7A219 /* ContentView.swift */ = {isa = PBXFileReference; lastKnownFileType = sourcecode.swift; path = ContentView.swift; sourceTree = "<group>"; };
		855B1A3125FB5B5F00C7A219 /* Assets.xcassets */ = {isa = PBXFileReference; lastKnownFileType = folder.assetcatalog; path = Assets.xcassets; sourceTree = "<group>"; };
		855B1A3425FB5B5F00C7A219 /* Preview Assets.xcassets */ = {isa = PBXFileReference; lastKnownFileType = folder.assetcatalog; path = "Preview Assets.xcassets"; sourceTree = "<group>"; };
		855B1A3625FB5B5F00C7A219 /* Info.plist */ = {isa = PBXFileReference; lastKnownFileType = text.plist.xml; path = Info.plist; sourceTree = "<group>"; };
		855B1A3B25FB5B5F00C7A219 /* DebaserTests.xctest */ = {isa = PBXFileReference; explicitFileType = wrapper.cfbundle; includeInIndex = 0; path = DebaserTests.xctest; sourceTree = BUILT_PRODUCTS_DIR; };
		855B1A4125FB5B5F00C7A219 /* Info.plist */ = {isa = PBXFileReference; lastKnownFileType = text.plist.xml; path = Info.plist; sourceTree = "<group>"; };
		855B1A4625FB5B5F00C7A219 /* DebaserUITests.xctest */ = {isa = PBXFileReference; explicitFileType = wrapper.cfbundle; includeInIndex = 0; path = DebaserUITests.xctest; sourceTree = BUILT_PRODUCTS_DIR; };
		85616EDD262992E50018C955 /* ListHeaderView.swift */ = {isa = PBXFileReference; lastKnownFileType = sourcecode.swift; path = ListHeaderView.swift; sourceTree = "<group>"; };
		856926C6260BE234004B1761 /* Event.swift */ = {isa = PBXFileReference; lastKnownFileType = sourcecode.swift; path = Event.swift; sourceTree = "<group>"; };
		856926CF260BE24B004B1761 /* EventService.swift */ = {isa = PBXFileReference; lastKnownFileType = sourcecode.swift; path = EventService.swift; sourceTree = "<group>"; };
		856926DE260BE9B2004B1761 /* ListView.swift */ = {isa = PBXFileReference; lastKnownFileType = sourcecode.swift; path = ListView.swift; sourceTree = "<group>"; };
		857F1F07263B1306005BB985 /* WidgetExtension.appex */ = {isa = PBXFileReference; explicitFileType = "wrapper.app-extension"; includeInIndex = 0; path = WidgetExtension.appex; sourceTree = BUILT_PRODUCTS_DIR; };
		857F1F08263B1306005BB985 /* WidgetKit.framework */ = {isa = PBXFileReference; lastKnownFileType = wrapper.framework; name = WidgetKit.framework; path = System/Library/Frameworks/WidgetKit.framework; sourceTree = SDKROOT; };
		857F1F0A263B1306005BB985 /* SwiftUI.framework */ = {isa = PBXFileReference; lastKnownFileType = wrapper.framework; name = SwiftUI.framework; path = System/Library/Frameworks/SwiftUI.framework; sourceTree = SDKROOT; };
		857F1F0D263B1306005BB985 /* DebaserWidget.swift */ = {isa = PBXFileReference; lastKnownFileType = sourcecode.swift; path = DebaserWidget.swift; sourceTree = "<group>"; };
		857F1F10263B1307005BB985 /* Assets.xcassets */ = {isa = PBXFileReference; lastKnownFileType = folder.assetcatalog; path = Assets.xcassets; sourceTree = "<group>"; };
		857F1F12263B1307005BB985 /* Info.plist */ = {isa = PBXFileReference; lastKnownFileType = text.plist.xml; path = Info.plist; sourceTree = "<group>"; };
		858E1E0126346E6100C3E941 /* Debaser.plist */ = {isa = PBXFileReference; lastKnownFileType = text.plist.xml; path = Debaser.plist; sourceTree = "<group>"; };
		858E1E0A2634860C00C3E941 /* WebView.swift */ = {isa = PBXFileReference; lastKnownFileType = sourcecode.swift; path = WebView.swift; sourceTree = "<group>"; };
		8599431E263434D800128A73 /* ListMiddlewares.swift */ = {isa = PBXFileReference; lastKnownFileType = sourcecode.swift; path = ListMiddlewares.swift; sourceTree = "<group>"; };
		85994325263434F500128A73 /* SettingsActions.swift */ = {isa = PBXFileReference; lastKnownFileType = sourcecode.swift; path = SettingsActions.swift; sourceTree = "<group>"; };
		8599432A2634350F00128A73 /* ListActions.swift */ = {isa = PBXFileReference; lastKnownFileType = sourcecode.swift; path = ListActions.swift; sourceTree = "<group>"; };
		8599433E2634355A00128A73 /* SettingsReducer.swift */ = {isa = PBXFileReference; lastKnownFileType = sourcecode.swift; path = SettingsReducer.swift; sourceTree = "<group>"; };
		859943432634357700128A73 /* ListReducer.swift */ = {isa = PBXFileReference; lastKnownFileType = sourcecode.swift; path = ListReducer.swift; sourceTree = "<group>"; };
		8599435B26344F9600128A73 /* OnboardingActions.swift */ = {isa = PBXFileReference; lastKnownFileType = sourcecode.swift; path = OnboardingActions.swift; sourceTree = "<group>"; };
		8599436326344FD900128A73 /* OnboardingReducer.swift */ = {isa = PBXFileReference; lastKnownFileType = sourcecode.swift; path = OnboardingReducer.swift; sourceTree = "<group>"; };
		85A8BAE52634C2A600E591A1 /* SettingsSpotifyView.swift */ = {isa = PBXFileReference; lastKnownFileType = sourcecode.swift; path = SettingsSpotifyView.swift; sourceTree = "<group>"; };
		85A8BAEA2634C2BC00E591A1 /* SettingsAboutView.swift */ = {isa = PBXFileReference; lastKnownFileType = sourcecode.swift; path = SettingsAboutView.swift; sourceTree = "<group>"; };
		85B0606B2627A8BF006D2D9D /* Store.swift */ = {isa = PBXFileReference; lastKnownFileType = sourcecode.swift; path = Store.swift; sourceTree = "<group>"; };
		85B060752627A927006D2D9D /* Actions.swift */ = {isa = PBXFileReference; lastKnownFileType = sourcecode.swift; path = Actions.swift; sourceTree = "<group>"; };
		85B0607A2627A96E006D2D9D /* Reducer.swift */ = {isa = PBXFileReference; lastKnownFileType = sourcecode.swift; path = Reducer.swift; sourceTree = "<group>"; };
		85B060822628390F006D2D9D /* DetailTopImageView.swift */ = {isa = PBXFileReference; lastKnownFileType = sourcecode.swift; path = DetailTopImageView.swift; sourceTree = "<group>"; };
		85B4498126383E9900C095FA /* iMessage.appex */ = {isa = PBXFileReference; explicitFileType = "wrapper.app-extension"; includeInIndex = 0; path = iMessage.appex; sourceTree = BUILT_PRODUCTS_DIR; };
		85B4498226383E9900C095FA /* Messages.framework */ = {isa = PBXFileReference; lastKnownFileType = wrapper.framework; name = Messages.framework; path = System/Library/Frameworks/Messages.framework; sourceTree = SDKROOT; };
		85B4498A26383E9C00C095FA /* Assets.xcassets */ = {isa = PBXFileReference; lastKnownFileType = folder.assetcatalog; path = Assets.xcassets; sourceTree = "<group>"; };
		85B4498C26383E9C00C095FA /* Info.plist */ = {isa = PBXFileReference; lastKnownFileType = text.plist.xml; path = Info.plist; sourceTree = "<group>"; };
		85B4499826383EF800C095FA /* MessagesTableViewCell.swift */ = {isa = PBXFileReference; fileEncoding = 4; lastKnownFileType = sourcecode.swift; path = MessagesTableViewCell.swift; sourceTree = "<group>"; };
		85B4499A26383EF800C095FA /* MessagesTableViewCell.xib */ = {isa = PBXFileReference; fileEncoding = 4; lastKnownFileType = file.xib; path = MessagesTableViewCell.xib; sourceTree = "<group>"; };
		85B449A626383F1900C095FA /* Main.storyboard */ = {isa = PBXFileReference; fileEncoding = 4; lastKnownFileType = file.storyboard; path = Main.storyboard; sourceTree = "<group>"; };
		85B449DE2638485200C095FA /* MessagesViewViewModel.swift */ = {isa = PBXFileReference; lastKnownFileType = sourcecode.swift; path = MessagesViewViewModel.swift; sourceTree = "<group>"; };
		85B44A1826385A2200C095FA /* MessagesViewController.swift */ = {isa = PBXFileReference; lastKnownFileType = sourcecode.swift; path = MessagesViewController.swift; sourceTree = "<group>"; };
		85B5CDE2261F0F0800A55398 /* RowCompactView.swift */ = {isa = PBXFileReference; lastKnownFileType = sourcecode.swift; path = RowCompactView.swift; sourceTree = "<group>"; };
		85BC0B26261658D600589240 /* RowView.swift */ = {isa = PBXFileReference; lastKnownFileType = sourcecode.swift; path = RowView.swift; sourceTree = "<group>"; };
		85BC0B2B2616592600589240 /* ImageViewModel.swift */ = {isa = PBXFileReference; lastKnownFileType = sourcecode.swift; path = ImageViewModel.swift; sourceTree = "<group>"; };
		85CB6BCA261F964C0065B897 /* UITabBarController+Extension.swift */ = {isa = PBXFileReference; lastKnownFileType = sourcecode.swift; path = "UITabBarController+Extension.swift"; sourceTree = "<group>"; };
		85D3AEB12639670F006A59A2 /* Calendar+Extension.swift */ = {isa = PBXFileReference; lastKnownFileType = sourcecode.swift; path = "Calendar+Extension.swift"; sourceTree = "<group>"; };
		85D3AECF26398089006A59A2 /* CarouselView.swift */ = {isa = PBXFileReference; lastKnownFileType = sourcecode.swift; path = CarouselView.swift; sourceTree = "<group>"; };
		85D3AED12639886C006A59A2 /* CarouselItem.swift */ = {isa = PBXFileReference; lastKnownFileType = sourcecode.swift; path = CarouselItem.swift; sourceTree = "<group>"; };
		85D3AED32639A1CC006A59A2 /* AnimationCompletionObserverModifier.swift */ = {isa = PBXFileReference; lastKnownFileType = sourcecode.swift; path = AnimationCompletionObserverModifier.swift; sourceTree = "<group>"; };
		85D7D7F72619F4550073E3BA /* DetailView.swift */ = {isa = PBXFileReference; lastKnownFileType = sourcecode.swift; path = DetailView.swift; sourceTree = "<group>"; };
		85D7D8012619F52C0073E3BA /* ImageService.swift */ = {isa = PBXFileReference; lastKnownFileType = sourcecode.swift; path = ImageService.swift; sourceTree = "<group>"; };
		85DFC06B264686350042401D /* Theme.swift */ = {isa = PBXFileReference; lastKnownFileType = sourcecode.swift; path = Theme.swift; sourceTree = "<group>"; };
		85EA85A82620FD6900F6D93A /* TabBar.swift */ = {isa = PBXFileReference; lastKnownFileType = sourcecode.swift; path = TabBar.swift; sourceTree = "<group>"; };
		85EEAB21262B25F70000B85E /* EventViewModel.swift */ = {isa = PBXFileReference; lastKnownFileType = sourcecode.swift; path = EventViewModel.swift; sourceTree = "<group>"; };
		85EEB96526203FDB00DFC238 /* RoundedCorner.swift */ = {isa = PBXFileReference; lastKnownFileType = sourcecode.swift; path = RoundedCorner.swift; sourceTree = "<group>"; };
		85EEB96A2620404000DFC238 /* View+Extension.swift */ = {isa = PBXFileReference; lastKnownFileType = sourcecode.swift; path = "View+Extension.swift"; sourceTree = "<group>"; };
		85FCAF0E263723B800A0BC89 /* SpotifyAudioPlayback.framework */ = {isa = PBXFileReference; lastKnownFileType = wrapper.framework; path = SpotifyAudioPlayback.framework; sourceTree = "<group>"; };
		85FCAF0F263723B800A0BC89 /* SpotifyAuthentication.framework */ = {isa = PBXFileReference; lastKnownFileType = wrapper.framework; path = SpotifyAuthentication.framework; sourceTree = "<group>"; };
		85FCAF10263723B800A0BC89 /* SpotifyMetadata.framework */ = {isa = PBXFileReference; lastKnownFileType = wrapper.framework; path = SpotifyMetadata.framework; sourceTree = "<group>"; };
		85FCAF14263723FA00A0BC89 /* SpotifyService.swift */ = {isa = PBXFileReference; fileEncoding = 4; lastKnownFileType = sourcecode.swift; path = SpotifyService.swift; sourceTree = "<group>"; };
		85FCAF1C2637246700A0BC89 /* Debaser-Bridging-Header.h */ = {isa = PBXFileReference; lastKnownFileType = sourcecode.c.h; path = "Debaser-Bridging-Header.h"; sourceTree = "<group>"; };
		85FCAF2926372E2000A0BC89 /* SpotifyActions.swift */ = {isa = PBXFileReference; lastKnownFileType = sourcecode.swift; path = SpotifyActions.swift; sourceTree = "<group>"; };
		85FCAF2E26372E2900A0BC89 /* SpotifyReducer.swift */ = {isa = PBXFileReference; lastKnownFileType = sourcecode.swift; path = SpotifyReducer.swift; sourceTree = "<group>"; };
		85FCAF3C26375F4B00A0BC89 /* DetailViewStreamProgress.swift */ = {isa = PBXFileReference; lastKnownFileType = sourcecode.swift; path = DetailViewStreamProgress.swift; sourceTree = "<group>"; };
/* End PBXFileReference section */

/* Begin PBXFrameworksBuildPhase section */
		855B1A2725FB5B5C00C7A219 /* Frameworks */ = {
			isa = PBXFrameworksBuildPhase;
			buildActionMask = 2147483647;
			files = (
				85FCAF11263723B800A0BC89 /* SpotifyAudioPlayback.framework in Frameworks */,
				85FCAF13263723B800A0BC89 /* SpotifyMetadata.framework in Frameworks */,
				85FCAF12263723B800A0BC89 /* SpotifyAuthentication.framework in Frameworks */,
			);
			runOnlyForDeploymentPostprocessing = 0;
		};
		855B1A3825FB5B5F00C7A219 /* Frameworks */ = {
			isa = PBXFrameworksBuildPhase;
			buildActionMask = 2147483647;
			files = (
			);
			runOnlyForDeploymentPostprocessing = 0;
		};
		855B1A4325FB5B5F00C7A219 /* Frameworks */ = {
			isa = PBXFrameworksBuildPhase;
			buildActionMask = 2147483647;
			files = (
			);
			runOnlyForDeploymentPostprocessing = 0;
		};
		857F1F04263B1306005BB985 /* Frameworks */ = {
			isa = PBXFrameworksBuildPhase;
			buildActionMask = 2147483647;
			files = (
				857F1F0B263B1306005BB985 /* SwiftUI.framework in Frameworks */,
				857F1F09263B1306005BB985 /* WidgetKit.framework in Frameworks */,
			);
			runOnlyForDeploymentPostprocessing = 0;
		};
		85B4497E26383E9900C095FA /* Frameworks */ = {
			isa = PBXFrameworksBuildPhase;
			buildActionMask = 2147483647;
			files = (
				85B4498326383E9900C095FA /* Messages.framework in Frameworks */,
			);
			runOnlyForDeploymentPostprocessing = 0;
		};
/* End PBXFrameworksBuildPhase section */

/* Begin PBXGroup section */
		8519D278262DEDF700806839 /* UIRepresentable */ = {
			isa = PBXGroup;
			children = (
				85FCAF41263767BC00A0BC89 /* DetailViewStreamProgress */,
				85303364262E1D4B00C93D1B /* Onboarding */,
				85303368262E1D7F00C93D1B /* TitleView */,
				858E1E09263485F600C3E941 /* WebView */,
			);
			path = UIRepresentable;
			sourceTree = "<group>";
		};
		851F8324263EAB6000BAEBCA /* Map */ = {
			isa = PBXGroup;
			children = (
				851F8325263EAB6700BAEBCA /* MapView.swift */,
			);
			path = Map;
			sourceTree = "<group>";
		};
		852821252627710B007B83EC /* Resources */ = {
			isa = PBXGroup;
			children = (
				852821262627711E007B83EC /* Fonts */,
				855B1A3125FB5B5F00C7A219 /* Assets.xcassets */,
				85DFC06B264686350042401D /* Theme.swift */,
				858E1E0126346E6100C3E941 /* Debaser.plist */,
				855B1A3625FB5B5F00C7A219 /* Info.plist */,
				854E296C262CB0C0003AC567 /* Localizable.strings */,
				852A343826362AF800677B9D /* LaunchScreen.storyboard */,
			);
			path = Resources;
			sourceTree = "<group>";
		};
		852821262627711E007B83EC /* Fonts */ = {
			isa = PBXGroup;
			children = (
				852821272627716F007B83EC /* DelaGothicOne-Regular.ttf */,
			);
			path = Fonts;
			sourceTree = "<group>";
		};
		85303364262E1D4B00C93D1B /* Onboarding */ = {
			isa = PBXGroup;
			children = (
				8530337F262E1ED500C93D1B /* UIKit */,
				85303380262E1EF200C93D1B /* OnboardingView.swift */,
			);
			path = Onboarding;
			sourceTree = "<group>";
		};
		85303368262E1D7F00C93D1B /* TitleView */ = {
			isa = PBXGroup;
			children = (
				8530337B262E1EC500C93D1B /* UIKit */,
				85303369262E1D9700C93D1B /* TitleView.swift */,
			);
			path = TitleView;
			sourceTree = "<group>";
		};
		8530337B262E1EC500C93D1B /* UIKit */ = {
			isa = PBXGroup;
			children = (
				8519D279262DEE4300806839 /* TitleLabel.swift */,
			);
			path = UIKit;
			sourceTree = "<group>";
		};
		8530337F262E1ED500C93D1B /* UIKit */ = {
			isa = PBXGroup;
			children = (
				8530336F262E1E2400C93D1B /* DBSROnboardingButton.swift */,
				8508E14B2634E1E0007FA049 /* DBSROnboardingLabel.swift */,
				85303371262E1E2400C93D1B /* DBSROnboardingStepViewController.swift */,
				8530336E262E1E2400C93D1B /* DBSROnboardingView.swift */,
				85303372262E1E2400C93D1B /* DBSROnboardingViewController.swift */,
				85303370262E1E2400C93D1B /* Onboarding.storyboard */,
			);
			path = UIKit;
			sourceTree = "<group>";
		};
		855090432621FDC1000C88BF /* Router */ = {
			isa = PBXGroup;
			children = (
				855090442621FDCB000C88BF /* TabViewRouter.swift */,
			);
			path = Router;
			sourceTree = "<group>";
		};
		85560F2D261B2B06002A4A3B /* Model */ = {
			isa = PBXGroup;
			children = (
				85560F2E261B2B0C002A4A3B /* Event.swift */,
			);
			path = Model;
			sourceTree = "<group>";
		};
		85586BFA263C60F7009857B0 /* ViewModel */ = {
			isa = PBXGroup;
			children = (
				85586BFB263C610D009857B0 /* EventViewModel.swift */,
			);
			path = ViewModel;
			sourceTree = "<group>";
		};
		855B1A2125FB5B5C00C7A219 = {
			isa = PBXGroup;
			children = (
				855B1A2C25FB5B5C00C7A219 /* Debaser */,
				855B1A3E25FB5B5F00C7A219 /* DebaserTests */,
				85B4498426383E9900C095FA /* iMessage */,
				857F1F0C263B1306005BB985 /* Widget */,
				85FCAF0D263723A100A0BC89 /* Frameworks */,
				855B1A2B25FB5B5C00C7A219 /* Products */,
			);
			sourceTree = "<group>";
		};
		855B1A2B25FB5B5C00C7A219 /* Products */ = {
			isa = PBXGroup;
			children = (
				855B1A2A25FB5B5C00C7A219 /* Debaser.app */,
				855B1A3B25FB5B5F00C7A219 /* DebaserTests.xctest */,
				855B1A4625FB5B5F00C7A219 /* DebaserUITests.xctest */,
				85B4498126383E9900C095FA /* iMessage.appex */,
				857F1F07263B1306005BB985 /* WidgetExtension.appex */,
			);
			name = Products;
			sourceTree = "<group>";
		};
		855B1A2C25FB5B5C00C7A219 /* Debaser */ = {
			isa = PBXGroup;
			children = (
				856926DD260BE9A9004B1761 /* UI */,
				8519D278262DEDF700806839 /* UIRepresentable */,
				855090432621FDC1000C88BF /* Router */,
				856926D4260BE978004B1761 /* ViewModel */,
				856926CE260BE23B004B1761 /* Service */,
				856926C5260BE229004B1761 /* Model */,
				85B0606A2627A8AF006D2D9D /* Store */,
				85CB6BC9261F96360065B897 /* Extensions */,
				855B1A2D25FB5B5C00C7A219 /* DebaserApp.swift */,
				855B1A2F25FB5B5C00C7A219 /* ContentView.swift */,
				85FCAF1C2637246700A0BC89 /* Debaser-Bridging-Header.h */,
				852821252627710B007B83EC /* Resources */,
				855B1A3325FB5B5F00C7A219 /* Preview Content */,
			);
			path = Debaser;
			sourceTree = "<group>";
		};
		855B1A3325FB5B5F00C7A219 /* Preview Content */ = {
			isa = PBXGroup;
			children = (
				855B1A3425FB5B5F00C7A219 /* Preview Assets.xcassets */,
			);
			path = "Preview Content";
			sourceTree = "<group>";
		};
		855B1A3E25FB5B5F00C7A219 /* DebaserTests */ = {
			isa = PBXGroup;
			children = (
				85586BFA263C60F7009857B0 /* ViewModel */,
				85560F2D261B2B06002A4A3B /* Model */,
				855B1A4125FB5B5F00C7A219 /* Info.plist */,
			);
			path = DebaserTests;
			sourceTree = "<group>";
		};
		85639D1A26389C890098465C /* Row */ = {
			isa = PBXGroup;
			children = (
				85BC0B26261658D600589240 /* RowView.swift */,
				85B5CDE2261F0F0800A55398 /* RowCompactView.swift */,
			);
			path = Row;
			sourceTree = "<group>";
		};
		856926C5260BE229004B1761 /* Model */ = {
			isa = PBXGroup;
			children = (
				856926C6260BE234004B1761 /* Event.swift */,
			);
			path = Model;
			sourceTree = "<group>";
		};
		856926CE260BE23B004B1761 /* Service */ = {
			isa = PBXGroup;
			children = (
				85D7D8012619F52C0073E3BA /* ImageService.swift */,
				856926CF260BE24B004B1761 /* EventService.swift */,
				85FCAF14263723FA00A0BC89 /* SpotifyService.swift */,
			);
			path = Service;
			sourceTree = "<group>";
		};
		856926D4260BE978004B1761 /* ViewModel */ = {
			isa = PBXGroup;
			children = (
				85BC0B2B2616592600589240 /* ImageViewModel.swift */,
				85EEAB21262B25F70000B85E /* EventViewModel.swift */,
			);
			path = ViewModel;
			sourceTree = "<group>";
		};
		856926DD260BE9A9004B1761 /* UI */ = {
			isa = PBXGroup;
			children = (
				85D3AECE2639807E006A59A2 /* Carousel */,
				858E1DF726346AE500C3E941 /* Separator */,
				858E1DF626346ADB00C3E941 /* TabBar */,
				85C2ED91262AE7C900CA5CDF /* List */,
				85639D1A26389C890098465C /* Row */,
				85D7D7FF2619F4F30073E3BA /* Detail */,
				85A8BAE42634C29300E591A1 /* Settings */,
				85D7D8002619F5150073E3BA /* Helpers */,
				855310D2260C8BFA00F0D5F7 /* EventListView.swift */,
				850FB557260CB4DD001AD034 /* FavouritesView.swift */,
				855310D7260C8C0600F0D5F7 /* SettingsView.swift */,
			);
			path = UI;
			sourceTree = "<group>";
		};
		857F1F0C263B1306005BB985 /* Widget */ = {
			isa = PBXGroup;
			children = (
				857F1F0D263B1306005BB985 /* DebaserWidget.swift */,
				857F1F10263B1307005BB985 /* Assets.xcassets */,
				857F1F12263B1307005BB985 /* Info.plist */,
			);
			path = Widget;
			sourceTree = "<group>";
		};
		858E1DF626346ADB00C3E941 /* TabBar */ = {
			isa = PBXGroup;
			children = (
				85EA85A82620FD6900F6D93A /* TabBar.swift */,
			);
			path = TabBar;
			sourceTree = "<group>";
		};
		858E1DF726346AE500C3E941 /* Separator */ = {
			isa = PBXGroup;
			children = (
				8528213726277AF6007B83EC /* SeparatorView.swift */,
			);
			path = Separator;
			sourceTree = "<group>";
		};
		858E1E09263485F600C3E941 /* WebView */ = {
			isa = PBXGroup;
			children = (
				858E1E0A2634860C00C3E941 /* WebView.swift */,
			);
			path = WebView;
			sourceTree = "<group>";
		};
		85994323263434DC00128A73 /* List */ = {
			isa = PBXGroup;
			children = (
				8599432A2634350F00128A73 /* ListActions.swift */,
				8599431E263434D800128A73 /* ListMiddlewares.swift */,
				859943432634357700128A73 /* ListReducer.swift */,
			);
			path = List;
			sourceTree = "<group>";
		};
		85994324263434E600128A73 /* Settings */ = {
			isa = PBXGroup;
			children = (
				85994325263434F500128A73 /* SettingsActions.swift */,
				8599433E2634355A00128A73 /* SettingsReducer.swift */,
			);
			path = Settings;
			sourceTree = "<group>";
		};
		8599435A26344F8100128A73 /* Onboarding */ = {
			isa = PBXGroup;
			children = (
				8599435B26344F9600128A73 /* OnboardingActions.swift */,
				8599436326344FD900128A73 /* OnboardingReducer.swift */,
			);
			path = Onboarding;
			sourceTree = "<group>";
		};
		85A8BAE42634C29300E591A1 /* Settings */ = {
			isa = PBXGroup;
			children = (
				85A8BAE52634C2A600E591A1 /* SettingsSpotifyView.swift */,
				85A8BAEA2634C2BC00E591A1 /* SettingsAboutView.swift */,
			);
			path = Settings;
			sourceTree = "<group>";
		};
		85B0606A2627A8AF006D2D9D /* Store */ = {
			isa = PBXGroup;
			children = (
				85FCAF2826372E1300A0BC89 /* Spotify */,
				8599435A26344F8100128A73 /* Onboarding */,
				85994324263434E600128A73 /* Settings */,
				85994323263434DC00128A73 /* List */,
				85B0606B2627A8BF006D2D9D /* Store.swift */,
				85B060752627A927006D2D9D /* Actions.swift */,
				85B0607A2627A96E006D2D9D /* Reducer.swift */,
			);
			path = Store;
			sourceTree = "<group>";
		};
		85B4498426383E9900C095FA /* iMessage */ = {
			isa = PBXGroup;
			children = (
				85B4499A26383EF800C095FA /* MessagesTableViewCell.xib */,
				85B4499826383EF800C095FA /* MessagesTableViewCell.swift */,
				85B44A1826385A2200C095FA /* MessagesViewController.swift */,
				85B449DE2638485200C095FA /* MessagesViewViewModel.swift */,
				85B449A626383F1900C095FA /* Main.storyboard */,
				85B4498A26383E9C00C095FA /* Assets.xcassets */,
				85B4498C26383E9C00C095FA /* Info.plist */,
			);
			path = iMessage;
			sourceTree = "<group>";
		};
		85C2ED91262AE7C900CA5CDF /* List */ = {
			isa = PBXGroup;
			children = (
				856926DE260BE9B2004B1761 /* ListView.swift */,
				85616EDD262992E50018C955 /* ListHeaderView.swift */,
			);
			path = List;
			sourceTree = "<group>";
		};
		85CB6BC9261F96360065B897 /* Extensions */ = {
			isa = PBXGroup;
			children = (
				85CB6BCA261F964C0065B897 /* UITabBarController+Extension.swift */,
				8528211D26276BF8007B83EC /* UINavigationController+Extension.swift */,
				85EEB96A2620404000DFC238 /* View+Extension.swift */,
				85303385262F6DF200C93D1B /* UIDevice+Extension.swift */,
				85D3AEB12639670F006A59A2 /* Calendar+Extension.swift */,
			);
			path = Extensions;
			sourceTree = "<group>";
		};
		85D3AECE2639807E006A59A2 /* Carousel */ = {
			isa = PBXGroup;
			children = (
				85D3AECF26398089006A59A2 /* CarouselView.swift */,
				85D3AED12639886C006A59A2 /* CarouselItem.swift */,
			);
			path = Carousel;
			sourceTree = "<group>";
		};
		85D7D7FF2619F4F30073E3BA /* Detail */ = {
			isa = PBXGroup;
			children = (
				85D7D7F72619F4550073E3BA /* DetailView.swift */,
				8528213F262787C0007B83EC /* DetailMetaView.swift */,
				85B060822628390F006D2D9D /* DetailTopImageView.swift */,
				851F7A032635E71700806FF8 /* DetailFavouriteButtonView.swift */,
				851F7A082635E73B00806FF8 /* DetailBuyTicketButtonView.swift */,
				8547265E26467AE3007D1611 /* DetailTopMetaView.swift */,
				8547266226467C6A007D1611 /* DetailSpotifyPlayerView.swift */,
				851F8324263EAB6000BAEBCA /* Map */,
			);
			path = Detail;
			sourceTree = "<group>";
		};
		85D7D8002619F5150073E3BA /* Helpers */ = {
			isa = PBXGroup;
			children = (
				85EEB96526203FDB00DFC238 /* RoundedCorner.swift */,
				852FBE9D26275CF200060A7E /* WillDisappearModifier.swift */,
				85D3AED32639A1CC006A59A2 /* AnimationCompletionObserverModifier.swift */,
			);
			path = Helpers;
			sourceTree = "<group>";
		};
		85FCAF0D263723A100A0BC89 /* Frameworks */ = {
			isa = PBXGroup;
			children = (
				85FCAF0E263723B800A0BC89 /* SpotifyAudioPlayback.framework */,
				85FCAF0F263723B800A0BC89 /* SpotifyAuthentication.framework */,
				85FCAF10263723B800A0BC89 /* SpotifyMetadata.framework */,
				85B4498226383E9900C095FA /* Messages.framework */,
				857F1F08263B1306005BB985 /* WidgetKit.framework */,
				857F1F0A263B1306005BB985 /* SwiftUI.framework */,
			);
			path = Frameworks;
			sourceTree = "<group>";
		};
		85FCAF2826372E1300A0BC89 /* Spotify */ = {
			isa = PBXGroup;
			children = (
				85FCAF2926372E2000A0BC89 /* SpotifyActions.swift */,
				85FCAF2E26372E2900A0BC89 /* SpotifyReducer.swift */,
			);
			path = Spotify;
			sourceTree = "<group>";
		};
		85FCAF41263767BC00A0BC89 /* DetailViewStreamProgress */ = {
			isa = PBXGroup;
			children = (
				85FCAF3C26375F4B00A0BC89 /* DetailViewStreamProgress.swift */,
			);
			path = DetailViewStreamProgress;
			sourceTree = "<group>";
		};
/* End PBXGroup section */

/* Begin PBXNativeTarget section */
		855B1A2925FB5B5C00C7A219 /* Debaser */ = {
			isa = PBXNativeTarget;
			buildConfigurationList = 855B1A4F25FB5B5F00C7A219 /* Build configuration list for PBXNativeTarget "Debaser" */;
			buildPhases = (
				855B1A2625FB5B5C00C7A219 /* Sources */,
				855B1A2725FB5B5C00C7A219 /* Frameworks */,
				855B1A2825FB5B5C00C7A219 /* Resources */,
				85B4499026383E9C00C095FA /* Embed App Extensions */,
			);
			buildRules = (
			);
			dependencies = (
				85B4498E26383E9C00C095FA /* PBXTargetDependency */,
			);
			name = Debaser;
			productName = Debaser;
			productReference = 855B1A2A25FB5B5C00C7A219 /* Debaser.app */;
			productType = "com.apple.product-type.application";
		};
		855B1A3A25FB5B5F00C7A219 /* DebaserTests */ = {
			isa = PBXNativeTarget;
			buildConfigurationList = 855B1A5225FB5B5F00C7A219 /* Build configuration list for PBXNativeTarget "DebaserTests" */;
			buildPhases = (
				855B1A3725FB5B5F00C7A219 /* Sources */,
				855B1A3825FB5B5F00C7A219 /* Frameworks */,
				855B1A3925FB5B5F00C7A219 /* Resources */,
			);
			buildRules = (
			);
			dependencies = (
				855B1A3D25FB5B5F00C7A219 /* PBXTargetDependency */,
			);
			name = DebaserTests;
			productName = DebaserTests;
			productReference = 855B1A3B25FB5B5F00C7A219 /* DebaserTests.xctest */;
			productType = "com.apple.product-type.bundle.unit-test";
		};
		855B1A4525FB5B5F00C7A219 /* DebaserUITests */ = {
			isa = PBXNativeTarget;
			buildConfigurationList = 855B1A5525FB5B5F00C7A219 /* Build configuration list for PBXNativeTarget "DebaserUITests" */;
			buildPhases = (
				855B1A4225FB5B5F00C7A219 /* Sources */,
				855B1A4325FB5B5F00C7A219 /* Frameworks */,
				855B1A4425FB5B5F00C7A219 /* Resources */,
			);
			buildRules = (
			);
			dependencies = (
				855B1A4825FB5B5F00C7A219 /* PBXTargetDependency */,
			);
			name = DebaserUITests;
			productName = DebaserUITests;
			productReference = 855B1A4625FB5B5F00C7A219 /* DebaserUITests.xctest */;
			productType = "com.apple.product-type.bundle.ui-testing";
		};
		857F1F06263B1306005BB985 /* WidgetExtension */ = {
			isa = PBXNativeTarget;
			buildConfigurationList = 857F1F1A263B1307005BB985 /* Build configuration list for PBXNativeTarget "WidgetExtension" */;
			buildPhases = (
				857F1F03263B1306005BB985 /* Sources */,
				857F1F04263B1306005BB985 /* Frameworks */,
				857F1F05263B1306005BB985 /* Resources */,
			);
			buildRules = (
			);
			dependencies = (
			);
			name = WidgetExtension;
			productName = WidgetExtension;
			productReference = 857F1F07263B1306005BB985 /* WidgetExtension.appex */;
			productType = "com.apple.product-type.app-extension";
		};
		85B4498026383E9900C095FA /* iMessage */ = {
			isa = PBXNativeTarget;
			buildConfigurationList = 85B4499326383E9C00C095FA /* Build configuration list for PBXNativeTarget "iMessage" */;
			buildPhases = (
				85B4497D26383E9900C095FA /* Sources */,
				85B4497E26383E9900C095FA /* Frameworks */,
				85B4497F26383E9900C095FA /* Resources */,
			);
			buildRules = (
			);
			dependencies = (
			);
			name = iMessage;
			productName = iMessage;
			productReference = 85B4498126383E9900C095FA /* iMessage.appex */;
			productType = "com.apple.product-type.app-extension.messages";
		};
/* End PBXNativeTarget section */

/* Begin PBXProject section */
		855B1A2225FB5B5C00C7A219 /* Project object */ = {
			isa = PBXProject;
			attributes = {
				LastSwiftUpdateCheck = 1250;
				LastUpgradeCheck = 1250;
				TargetAttributes = {
					855B1A2925FB5B5C00C7A219 = {
						CreatedOnToolsVersion = 12.4;
					};
					855B1A3A25FB5B5F00C7A219 = {
						CreatedOnToolsVersion = 12.4;
						TestTargetID = 855B1A2925FB5B5C00C7A219;
					};
					855B1A4525FB5B5F00C7A219 = {
						CreatedOnToolsVersion = 12.4;
						TestTargetID = 855B1A2925FB5B5C00C7A219;
					};
					857F1F06263B1306005BB985 = {
						CreatedOnToolsVersion = 12.5;
					};
					85B4498026383E9900C095FA = {
						CreatedOnToolsVersion = 12.4;
					};
				};
			};
			buildConfigurationList = 855B1A2525FB5B5C00C7A219 /* Build configuration list for PBXProject "Debaser" */;
			compatibilityVersion = "Xcode 9.3";
			developmentRegion = en;
			hasScannedForEncodings = 0;
			knownRegions = (
				en,
				sv,
				Base,
			);
			mainGroup = 855B1A2125FB5B5C00C7A219;
			productRefGroup = 855B1A2B25FB5B5C00C7A219 /* Products */;
			projectDirPath = "";
			projectRoot = "";
			targets = (
				855B1A2925FB5B5C00C7A219 /* Debaser */,
				855B1A3A25FB5B5F00C7A219 /* DebaserTests */,
				855B1A4525FB5B5F00C7A219 /* DebaserUITests */,
				85B4498026383E9900C095FA /* iMessage */,
				857F1F06263B1306005BB985 /* WidgetExtension */,
			);
		};
/* End PBXProject section */

/* Begin PBXResourcesBuildPhase section */
		855B1A2825FB5B5C00C7A219 /* Resources */ = {
			isa = PBXResourcesBuildPhase;
			buildActionMask = 2147483647;
			files = (
				854E2980262CB3C0003AC567 /* Localizable.strings in Resources */,
				85303375262E1E2400C93D1B /* Onboarding.storyboard in Resources */,
				855B1A3525FB5B5F00C7A219 /* Preview Assets.xcassets in Resources */,
				855B1A3225FB5B5F00C7A219 /* Assets.xcassets in Resources */,
				852821282627716F007B83EC /* DelaGothicOne-Regular.ttf in Resources */,
				858E1E0226346E6100C3E941 /* Debaser.plist in Resources */,
				852A343926362AF800677B9D /* LaunchScreen.storyboard in Resources */,
			);
			runOnlyForDeploymentPostprocessing = 0;
		};
		855B1A3925FB5B5F00C7A219 /* Resources */ = {
			isa = PBXResourcesBuildPhase;
			buildActionMask = 2147483647;
			files = (
			);
			runOnlyForDeploymentPostprocessing = 0;
		};
		855B1A4425FB5B5F00C7A219 /* Resources */ = {
			isa = PBXResourcesBuildPhase;
			buildActionMask = 2147483647;
			files = (
			);
			runOnlyForDeploymentPostprocessing = 0;
		};
		857F1F05263B1306005BB985 /* Resources */ = {
			isa = PBXResourcesBuildPhase;
			buildActionMask = 2147483647;
			files = (
				857F1F20263B2A3A005BB985 /* DelaGothicOne-Regular.ttf in Resources */,
				857F1F25263B2E15005BB985 /* Debaser.plist in Resources */,
				857F1F24263B2D0C005BB985 /* Localizable.strings in Resources */,
				857F1F11263B1307005BB985 /* Assets.xcassets in Resources */,
				8559C4FC264690A20056496D /* Assets.xcassets in Resources */,
			);
			runOnlyForDeploymentPostprocessing = 0;
		};
		85B4497F26383E9900C095FA /* Resources */ = {
			isa = PBXResourcesBuildPhase;
			buildActionMask = 2147483647;
			files = (
				85B4498B26383E9C00C095FA /* Assets.xcassets in Resources */,
				85B4499D26383EF800C095FA /* MessagesTableViewCell.xib in Resources */,
				85B44A0A26384EEE00C095FA /* DelaGothicOne-Regular.ttf in Resources */,
				85B449D9263847CA00C095FA /* Assets.xcassets in Resources */,
				85B449A726383F1900C095FA /* Main.storyboard in Resources */,
				85B44A0526384C4F00C095FA /* Debaser.plist in Resources */,
			);
			runOnlyForDeploymentPostprocessing = 0;
		};
/* End PBXResourcesBuildPhase section */

/* Begin PBXSourcesBuildPhase section */
		855B1A2625FB5B5C00C7A219 /* Sources */ = {
			isa = PBXSourcesBuildPhase;
			buildActionMask = 2147483647;
			files = (
				85D3AEB22639670F006A59A2 /* Calendar+Extension.swift in Sources */,
				855090452621FDCB000C88BF /* TabViewRouter.swift in Sources */,
				859943442634357700128A73 /* ListReducer.swift in Sources */,
				8528213826277AF6007B83EC /* SeparatorView.swift in Sources */,
				856926D0260BE24B004B1761 /* EventService.swift in Sources */,
				855B1A3025FB5B5C00C7A219 /* ContentView.swift in Sources */,
				85FCAF2F26372E2900A0BC89 /* SpotifyReducer.swift in Sources */,
				85994326263434F500128A73 /* SettingsActions.swift in Sources */,
				851F7A092635E73B00806FF8 /* DetailBuyTicketButtonView.swift in Sources */,
				85D7D8022619F52C0073E3BA /* ImageService.swift in Sources */,
				856926DF260BE9B2004B1761 /* ListView.swift in Sources */,
				85EA85A92620FD6900F6D93A /* TabBar.swift in Sources */,
				85EEB96626203FDB00DFC238 /* RoundedCorner.swift in Sources */,
				85D7D7F82619F4550073E3BA /* DetailView.swift in Sources */,
				8547266326467C6A007D1611 /* DetailSpotifyPlayerView.swift in Sources */,
				85303381262E1EF200C93D1B /* OnboardingView.swift in Sources */,
				85CB6BCB261F964D0065B897 /* UITabBarController+Extension.swift in Sources */,
				856926C7260BE234004B1761 /* Event.swift in Sources */,
				8519D27A262DEE4300806839 /* TitleLabel.swift in Sources */,
				8599435C26344F9600128A73 /* OnboardingActions.swift in Sources */,
				85A8BAE62634C2A600E591A1 /* SettingsSpotifyView.swift in Sources */,
				85303376262E1E2400C93D1B /* DBSROnboardingStepViewController.swift in Sources */,
				852FBE9E26275CF200060A7E /* WillDisappearModifier.swift in Sources */,
				85282140262787C0007B83EC /* DetailMetaView.swift in Sources */,
				8599432B2634350F00128A73 /* ListActions.swift in Sources */,
				85DFC06C264686350042401D /* Theme.swift in Sources */,
				850FB558260CB4DD001AD034 /* FavouritesView.swift in Sources */,
				8599433F2634355A00128A73 /* SettingsReducer.swift in Sources */,
				85303377262E1E2400C93D1B /* DBSROnboardingViewController.swift in Sources */,
				85D3AED026398089006A59A2 /* CarouselView.swift in Sources */,
				858E1E0B2634860C00C3E941 /* WebView.swift in Sources */,
				85B060832628390F006D2D9D /* DetailTopImageView.swift in Sources */,
				8508E14C2634E1E0007FA049 /* DBSROnboardingLabel.swift in Sources */,
				851F7A042635E71700806FF8 /* DetailFavouriteButtonView.swift in Sources */,
				85BC0B27261658D600589240 /* RowView.swift in Sources */,
				855B1A2E25FB5B5C00C7A219 /* DebaserApp.swift in Sources */,
				85BC0B2C2616592600589240 /* ImageViewModel.swift in Sources */,
				851F8326263EAB6700BAEBCA /* MapView.swift in Sources */,
				85D3AED22639886C006A59A2 /* CarouselItem.swift in Sources */,
				8599431F263434D800128A73 /* ListMiddlewares.swift in Sources */,
				85303373262E1E2400C93D1B /* DBSROnboardingView.swift in Sources */,
				85FCAF3D26375F4B00A0BC89 /* DetailViewStreamProgress.swift in Sources */,
				85A8BAEB2634C2BC00E591A1 /* SettingsAboutView.swift in Sources */,
				8530336A262E1D9700C93D1B /* TitleView.swift in Sources */,
				85B0607B2627A96E006D2D9D /* Reducer.swift in Sources */,
				85303386262F6DF200C93D1B /* UIDevice+Extension.swift in Sources */,
				85EEB96B2620404000DFC238 /* View+Extension.swift in Sources */,
				85EEAB22262B25F70000B85E /* EventViewModel.swift in Sources */,
				85303374262E1E2400C93D1B /* DBSROnboardingButton.swift in Sources */,
				85D3AED42639A1CC006A59A2 /* AnimationCompletionObserverModifier.swift in Sources */,
				85B060762627A927006D2D9D /* Actions.swift in Sources */,
				85B5CDE3261F0F0800A55398 /* RowCompactView.swift in Sources */,
				85B0606C2627A8BF006D2D9D /* Store.swift in Sources */,
				855310D3260C8BFA00F0D5F7 /* EventListView.swift in Sources */,
				8547265F26467AE3007D1611 /* DetailTopMetaView.swift in Sources */,
				855310D8260C8C0600F0D5F7 /* SettingsView.swift in Sources */,
				85FCAF2A26372E2000A0BC89 /* SpotifyActions.swift in Sources */,
				85FCAF15263723FA00A0BC89 /* SpotifyService.swift in Sources */,
				8528211E26276BF8007B83EC /* UINavigationController+Extension.swift in Sources */,
				85616EDE262992E50018C955 /* ListHeaderView.swift in Sources */,
				8599436426344FD900128A73 /* OnboardingReducer.swift in Sources */,
			);
			runOnlyForDeploymentPostprocessing = 0;
		};
		855B1A3725FB5B5F00C7A219 /* Sources */ = {
			isa = PBXSourcesBuildPhase;
			buildActionMask = 2147483647;
			files = (
				85560F2F261B2B0C002A4A3B /* Event.swift in Sources */,
				85586BFC263C610D009857B0 /* EventViewModel.swift in Sources */,
			);
			runOnlyForDeploymentPostprocessing = 0;
		};
		855B1A4225FB5B5F00C7A219 /* Sources */ = {
			isa = PBXSourcesBuildPhase;
			buildActionMask = 2147483647;
			files = (
			);
			runOnlyForDeploymentPostprocessing = 0;
		};
		857F1F03263B1306005BB985 /* Sources */ = {
			isa = PBXSourcesBuildPhase;
			buildActionMask = 2147483647;
			files = (
				857F1F1D263B1607005BB985 /* Event.swift in Sources */,
				857F1F1B263B149B005BB985 /* EventService.swift in Sources */,
				85DFC06D264688D40042401D /* Theme.swift in Sources */,
				857F1F1C263B15FD005BB985 /* EventViewModel.swift in Sources */,
				857F1F0E263B1306005BB985 /* DebaserWidget.swift in Sources */,
			);
			runOnlyForDeploymentPostprocessing = 0;
		};
		85B4497D26383E9900C095FA /* Sources */ = {
			isa = PBXSourcesBuildPhase;
			buildActionMask = 2147483647;
			files = (
				85B44A1926385A2200C095FA /* MessagesViewController.swift in Sources */,
				85B449F2263849D900C095FA /* EventViewModel.swift in Sources */,
				85B449DF2638485200C095FA /* MessagesViewViewModel.swift in Sources */,
				85B449ED263849BA00C095FA /* EventService.swift in Sources */,
				85B449F7263849E500C095FA /* Event.swift in Sources */,
				85B4499B26383EF800C095FA /* MessagesTableViewCell.swift in Sources */,
				8559C4FB26468FFC0056496D /* Theme.swift in Sources */,
			);
			runOnlyForDeploymentPostprocessing = 0;
		};
/* End PBXSourcesBuildPhase section */

/* Begin PBXTargetDependency section */
		855B1A3D25FB5B5F00C7A219 /* PBXTargetDependency */ = {
			isa = PBXTargetDependency;
			platformFilter = ios;
			target = 855B1A2925FB5B5C00C7A219 /* Debaser */;
			targetProxy = 855B1A3C25FB5B5F00C7A219 /* PBXContainerItemProxy */;
		};
		855B1A4825FB5B5F00C7A219 /* PBXTargetDependency */ = {
			isa = PBXTargetDependency;
			target = 855B1A2925FB5B5C00C7A219 /* Debaser */;
			targetProxy = 855B1A4725FB5B5F00C7A219 /* PBXContainerItemProxy */;
		};
		85B4498E26383E9C00C095FA /* PBXTargetDependency */ = {
			isa = PBXTargetDependency;
			target = 85B4498026383E9900C095FA /* iMessage */;
			targetProxy = 85B4498D26383E9C00C095FA /* PBXContainerItemProxy */;
		};
/* End PBXTargetDependency section */

/* Begin PBXVariantGroup section */
		854E296C262CB0C0003AC567 /* Localizable.strings */ = {
			isa = PBXVariantGroup;
			children = (
				854E296B262CB0C0003AC567 /* en */,
				854E2970262CB0C4003AC567 /* sv */,
			);
			name = Localizable.strings;
			sourceTree = "<group>";
		};
/* End PBXVariantGroup section */

/* Begin XCBuildConfiguration section */
		855B1A4D25FB5B5F00C7A219 /* Debug */ = {
			isa = XCBuildConfiguration;
			buildSettings = {
				ALWAYS_SEARCH_USER_PATHS = NO;
				CLANG_ANALYZER_LOCALIZABILITY_NONLOCALIZED = YES;
				CLANG_ANALYZER_NONNULL = YES;
				CLANG_ANALYZER_NUMBER_OBJECT_CONVERSION = YES_AGGRESSIVE;
				CLANG_CXX_LANGUAGE_STANDARD = "gnu++14";
				CLANG_CXX_LIBRARY = "libc++";
				CLANG_ENABLE_MODULES = YES;
				CLANG_ENABLE_OBJC_ARC = YES;
				CLANG_ENABLE_OBJC_WEAK = YES;
				CLANG_WARN_BLOCK_CAPTURE_AUTORELEASING = YES;
				CLANG_WARN_BOOL_CONVERSION = YES;
				CLANG_WARN_COMMA = YES;
				CLANG_WARN_CONSTANT_CONVERSION = YES;
				CLANG_WARN_DEPRECATED_OBJC_IMPLEMENTATIONS = YES;
				CLANG_WARN_DIRECT_OBJC_ISA_USAGE = YES_ERROR;
				CLANG_WARN_DOCUMENTATION_COMMENTS = YES;
				CLANG_WARN_EMPTY_BODY = YES;
				CLANG_WARN_ENUM_CONVERSION = YES;
				CLANG_WARN_INFINITE_RECURSION = YES;
				CLANG_WARN_INT_CONVERSION = YES;
				CLANG_WARN_NON_LITERAL_NULL_CONVERSION = YES;
				CLANG_WARN_OBJC_IMPLICIT_RETAIN_SELF = YES;
				CLANG_WARN_OBJC_LITERAL_CONVERSION = YES;
				CLANG_WARN_OBJC_ROOT_CLASS = YES_ERROR;
				CLANG_WARN_QUOTED_INCLUDE_IN_FRAMEWORK_HEADER = YES;
				CLANG_WARN_RANGE_LOOP_ANALYSIS = YES;
				CLANG_WARN_STRICT_PROTOTYPES = YES;
				CLANG_WARN_SUSPICIOUS_MOVE = YES;
				CLANG_WARN_UNGUARDED_AVAILABILITY = YES_AGGRESSIVE;
				CLANG_WARN_UNREACHABLE_CODE = YES;
				CLANG_WARN__DUPLICATE_METHOD_MATCH = YES;
				COPY_PHASE_STRIP = NO;
				DEBUG_INFORMATION_FORMAT = dwarf;
				ENABLE_STRICT_OBJC_MSGSEND = YES;
				ENABLE_TESTABILITY = YES;
				"EXCLUDED_ARCHS[sdk=iphonesimulator*]" = arm64;
				GCC_C_LANGUAGE_STANDARD = gnu11;
				GCC_DYNAMIC_NO_PIC = NO;
				GCC_NO_COMMON_BLOCKS = YES;
				GCC_OPTIMIZATION_LEVEL = 0;
				GCC_PREPROCESSOR_DEFINITIONS = (
					"DEBUG=1",
					"$(inherited)",
				);
				GCC_WARN_64_TO_32_BIT_CONVERSION = YES;
				GCC_WARN_ABOUT_RETURN_TYPE = YES_ERROR;
				GCC_WARN_UNDECLARED_SELECTOR = YES;
				GCC_WARN_UNINITIALIZED_AUTOS = YES_AGGRESSIVE;
				GCC_WARN_UNUSED_FUNCTION = YES;
				GCC_WARN_UNUSED_VARIABLE = YES;
				IPHONEOS_DEPLOYMENT_TARGET = 14.4;
				MTL_ENABLE_DEBUG_INFO = INCLUDE_SOURCE;
				MTL_FAST_MATH = YES;
				ONLY_ACTIVE_ARCH = YES;
				SDKROOT = iphoneos;
				SWIFT_ACTIVE_COMPILATION_CONDITIONS = DEBUG;
				SWIFT_OBJC_BRIDGING_HEADER = "Debaser/Debaser-Bridging-Header.h";
				SWIFT_OPTIMIZATION_LEVEL = "-Onone";
			};
			name = Debug;
		};
		855B1A4E25FB5B5F00C7A219 /* Release */ = {
			isa = XCBuildConfiguration;
			buildSettings = {
				ALWAYS_SEARCH_USER_PATHS = NO;
				CLANG_ANALYZER_LOCALIZABILITY_NONLOCALIZED = YES;
				CLANG_ANALYZER_NONNULL = YES;
				CLANG_ANALYZER_NUMBER_OBJECT_CONVERSION = YES_AGGRESSIVE;
				CLANG_CXX_LANGUAGE_STANDARD = "gnu++14";
				CLANG_CXX_LIBRARY = "libc++";
				CLANG_ENABLE_MODULES = YES;
				CLANG_ENABLE_OBJC_ARC = YES;
				CLANG_ENABLE_OBJC_WEAK = YES;
				CLANG_WARN_BLOCK_CAPTURE_AUTORELEASING = YES;
				CLANG_WARN_BOOL_CONVERSION = YES;
				CLANG_WARN_COMMA = YES;
				CLANG_WARN_CONSTANT_CONVERSION = YES;
				CLANG_WARN_DEPRECATED_OBJC_IMPLEMENTATIONS = YES;
				CLANG_WARN_DIRECT_OBJC_ISA_USAGE = YES_ERROR;
				CLANG_WARN_DOCUMENTATION_COMMENTS = YES;
				CLANG_WARN_EMPTY_BODY = YES;
				CLANG_WARN_ENUM_CONVERSION = YES;
				CLANG_WARN_INFINITE_RECURSION = YES;
				CLANG_WARN_INT_CONVERSION = YES;
				CLANG_WARN_NON_LITERAL_NULL_CONVERSION = YES;
				CLANG_WARN_OBJC_IMPLICIT_RETAIN_SELF = YES;
				CLANG_WARN_OBJC_LITERAL_CONVERSION = YES;
				CLANG_WARN_OBJC_ROOT_CLASS = YES_ERROR;
				CLANG_WARN_QUOTED_INCLUDE_IN_FRAMEWORK_HEADER = YES;
				CLANG_WARN_RANGE_LOOP_ANALYSIS = YES;
				CLANG_WARN_STRICT_PROTOTYPES = YES;
				CLANG_WARN_SUSPICIOUS_MOVE = YES;
				CLANG_WARN_UNGUARDED_AVAILABILITY = YES_AGGRESSIVE;
				CLANG_WARN_UNREACHABLE_CODE = YES;
				CLANG_WARN__DUPLICATE_METHOD_MATCH = YES;
				COPY_PHASE_STRIP = NO;
				DEBUG_INFORMATION_FORMAT = "dwarf-with-dsym";
				ENABLE_NS_ASSERTIONS = NO;
				ENABLE_STRICT_OBJC_MSGSEND = YES;
				"EXCLUDED_ARCHS[sdk=iphonesimulator*]" = arm64;
				GCC_C_LANGUAGE_STANDARD = gnu11;
				GCC_NO_COMMON_BLOCKS = YES;
				GCC_WARN_64_TO_32_BIT_CONVERSION = YES;
				GCC_WARN_ABOUT_RETURN_TYPE = YES_ERROR;
				GCC_WARN_UNDECLARED_SELECTOR = YES;
				GCC_WARN_UNINITIALIZED_AUTOS = YES_AGGRESSIVE;
				GCC_WARN_UNUSED_FUNCTION = YES;
				GCC_WARN_UNUSED_VARIABLE = YES;
				IPHONEOS_DEPLOYMENT_TARGET = 14.4;
				MTL_ENABLE_DEBUG_INFO = NO;
				MTL_FAST_MATH = YES;
				SDKROOT = iphoneos;
				SWIFT_COMPILATION_MODE = wholemodule;
				SWIFT_OBJC_BRIDGING_HEADER = "Debaser/Debaser-Bridging-Header.h";
				SWIFT_OPTIMIZATION_LEVEL = "-O";
				VALIDATE_PRODUCT = YES;
			};
			name = Release;
		};
		855B1A5025FB5B5F00C7A219 /* Debug */ = {
			isa = XCBuildConfiguration;
			buildSettings = {
				ALWAYS_EMBED_SWIFT_STANDARD_LIBRARIES = YES;
				ASSETCATALOG_COMPILER_APPICON_NAME = AppIcon;
				ASSETCATALOG_COMPILER_GLOBAL_ACCENT_COLOR_NAME = AccentColor;
				CODE_SIGN_IDENTITY = "Apple Development";
				CODE_SIGN_STYLE = Automatic;
				CURRENT_PROJECT_VERSION = 5;
				DEVELOPMENT_ASSET_PATHS = "\"Debaser/Preview Content\"";
				DEVELOPMENT_TEAM = 57MDPUFGC8;
				ENABLE_PREVIEWS = YES;
				FRAMEWORK_SEARCH_PATHS = (
					"$(inherited)",
					"$(PROJECT_DIR)/Frameworks",
				);
				INFOPLIST_FILE = Debaser/Resources/Info.plist;
				IPHONEOS_DEPLOYMENT_TARGET = 14.5;
				LD_RUNPATH_SEARCH_PATHS = (
					"$(inherited)",
					"@executable_path/Frameworks",
				);
				PRODUCT_BUNDLE_IDENTIFIER = se.marber.Debaser;
				PRODUCT_NAME = "$(TARGET_NAME)";
				PROVISIONING_PROFILE_SPECIFIER = "";
				SWIFT_VERSION = 5.0;
				TARGETED_DEVICE_FAMILY = 1;
			};
			name = Debug;
		};
		855B1A5125FB5B5F00C7A219 /* Release */ = {
			isa = XCBuildConfiguration;
			buildSettings = {
				ALWAYS_EMBED_SWIFT_STANDARD_LIBRARIES = YES;
				ASSETCATALOG_COMPILER_APPICON_NAME = AppIcon;
				ASSETCATALOG_COMPILER_GLOBAL_ACCENT_COLOR_NAME = AccentColor;
				CODE_SIGN_IDENTITY = "iPhone Distribution";
				CODE_SIGN_STYLE = Manual;
				CURRENT_PROJECT_VERSION = 5;
				DEVELOPMENT_ASSET_PATHS = "\"Debaser/Preview Content\"";
				DEVELOPMENT_TEAM = 57MDPUFGC8;
				ENABLE_PREVIEWS = YES;
				FRAMEWORK_SEARCH_PATHS = (
					"$(inherited)",
					"$(PROJECT_DIR)/Frameworks",
				);
				INFOPLIST_FILE = Debaser/Resources/Info.plist;
				IPHONEOS_DEPLOYMENT_TARGET = 14.5;
				LD_RUNPATH_SEARCH_PATHS = (
					"$(inherited)",
					"@executable_path/Frameworks",
				);
				PRODUCT_BUNDLE_IDENTIFIER = se.marber.Debaser;
				PRODUCT_NAME = "$(TARGET_NAME)";
				PROVISIONING_PROFILE_SPECIFIER = "Debaser Ad Hoc Provisioning Profile";
				SWIFT_VERSION = 5.0;
				TARGETED_DEVICE_FAMILY = 1;
			};
			name = Release;
		};
		855B1A5325FB5B5F00C7A219 /* Debug */ = {
			isa = XCBuildConfiguration;
			buildSettings = {
				ALWAYS_EMBED_SWIFT_STANDARD_LIBRARIES = YES;
				BUNDLE_LOADER = "$(TEST_HOST)";
				CODE_SIGN_STYLE = Automatic;
				DEVELOPMENT_TEAM = 57MDPUFGC8;
				FRAMEWORK_SEARCH_PATHS = (
					"$(inherited)",
					"$(PROJECT_DIR)/Frameworks",
				);
				INFOPLIST_FILE = DebaserTests/Info.plist;
				IPHONEOS_DEPLOYMENT_TARGET = 14.5;
				LD_RUNPATH_SEARCH_PATHS = (
					"$(inherited)",
					"@executable_path/Frameworks",
					"@loader_path/Frameworks",
				);
				PRODUCT_BUNDLE_IDENTIFIER = se.marber.DebaserTests;
				PRODUCT_NAME = "$(TARGET_NAME)";
				SWIFT_OBJC_BRIDGING_HEADER = "";
				SWIFT_VERSION = 5.0;
				TARGETED_DEVICE_FAMILY = 1;
				TEST_HOST = "$(BUILT_PRODUCTS_DIR)/Debaser.app/Debaser";
			};
			name = Debug;
		};
		855B1A5425FB5B5F00C7A219 /* Release */ = {
			isa = XCBuildConfiguration;
			buildSettings = {
				ALWAYS_EMBED_SWIFT_STANDARD_LIBRARIES = YES;
				BUNDLE_LOADER = "$(TEST_HOST)";
				CODE_SIGN_STYLE = Automatic;
				DEVELOPMENT_TEAM = 57MDPUFGC8;
				FRAMEWORK_SEARCH_PATHS = (
					"$(inherited)",
					"$(PROJECT_DIR)/Frameworks",
				);
				INFOPLIST_FILE = DebaserTests/Info.plist;
				IPHONEOS_DEPLOYMENT_TARGET = 14.5;
				LD_RUNPATH_SEARCH_PATHS = (
					"$(inherited)",
					"@executable_path/Frameworks",
					"@loader_path/Frameworks",
				);
				PRODUCT_BUNDLE_IDENTIFIER = se.marber.DebaserTests;
				PRODUCT_NAME = "$(TARGET_NAME)";
				SWIFT_OBJC_BRIDGING_HEADER = "";
				SWIFT_VERSION = 5.0;
				TARGETED_DEVICE_FAMILY = 1;
				TEST_HOST = "$(BUILT_PRODUCTS_DIR)/Debaser.app/Debaser";
			};
			name = Release;
		};
		855B1A5625FB5B5F00C7A219 /* Debug */ = {
			isa = XCBuildConfiguration;
			buildSettings = {
				ALWAYS_EMBED_SWIFT_STANDARD_LIBRARIES = YES;
				CODE_SIGN_STYLE = Automatic;
				DEVELOPMENT_TEAM = 57MDPUFGC8;
				INFOPLIST_FILE = DebaserUITests/Info.plist;
				IPHONEOS_DEPLOYMENT_TARGET = 14.5;
				LD_RUNPATH_SEARCH_PATHS = (
					"$(inherited)",
					"@executable_path/Frameworks",
					"@loader_path/Frameworks",
				);
				PRODUCT_BUNDLE_IDENTIFIER = se.marber.DebaserUITests;
				PRODUCT_NAME = "$(TARGET_NAME)";
				SWIFT_OBJC_BRIDGING_HEADER = "";
				SWIFT_VERSION = 5.0;
				TARGETED_DEVICE_FAMILY = 1;
				TEST_TARGET_NAME = Debaser;
			};
			name = Debug;
		};
		855B1A5725FB5B5F00C7A219 /* Release */ = {
			isa = XCBuildConfiguration;
			buildSettings = {
				ALWAYS_EMBED_SWIFT_STANDARD_LIBRARIES = YES;
				CODE_SIGN_STYLE = Automatic;
				DEVELOPMENT_TEAM = 57MDPUFGC8;
				INFOPLIST_FILE = DebaserUITests/Info.plist;
				IPHONEOS_DEPLOYMENT_TARGET = 14.5;
				LD_RUNPATH_SEARCH_PATHS = (
					"$(inherited)",
					"@executable_path/Frameworks",
					"@loader_path/Frameworks",
				);
				PRODUCT_BUNDLE_IDENTIFIER = se.marber.DebaserUITests;
				PRODUCT_NAME = "$(TARGET_NAME)";
				SWIFT_OBJC_BRIDGING_HEADER = "";
				SWIFT_VERSION = 5.0;
				TARGETED_DEVICE_FAMILY = 1;
				TEST_TARGET_NAME = Debaser;
			};
			name = Release;
		};
		857F1F18263B1307005BB985 /* Debug */ = {
			isa = XCBuildConfiguration;
			buildSettings = {
				ASSETCATALOG_COMPILER_GLOBAL_ACCENT_COLOR_NAME = AccentColor;
				ASSETCATALOG_COMPILER_WIDGET_BACKGROUND_COLOR_NAME = WidgetBackground;
				CODE_SIGN_IDENTITY = "Apple Development";
				CODE_SIGN_STYLE = Automatic;
				CURRENT_PROJECT_VERSION = 5;
				DEVELOPMENT_TEAM = 57MDPUFGC8;
				INFOPLIST_FILE = Widget/Info.plist;
				IPHONEOS_DEPLOYMENT_TARGET = 14.5;
				LD_RUNPATH_SEARCH_PATHS = (
					"$(inherited)",
					"@executable_path/Frameworks",
					"@executable_path/../../Frameworks",
				);
				PRODUCT_BUNDLE_IDENTIFIER = se.marber.Debaser.Widget;
				PRODUCT_NAME = "$(TARGET_NAME)";
				SKIP_INSTALL = YES;
				SWIFT_OBJC_BRIDGING_HEADER = "";
				SWIFT_VERSION = 5.0;
				TARGETED_DEVICE_FAMILY = 1;
			};
			name = Debug;
		};
		857F1F19263B1307005BB985 /* Release */ = {
			isa = XCBuildConfiguration;
			buildSettings = {
				ASSETCATALOG_COMPILER_GLOBAL_ACCENT_COLOR_NAME = AccentColor;
				ASSETCATALOG_COMPILER_WIDGET_BACKGROUND_COLOR_NAME = WidgetBackground;
				CODE_SIGN_IDENTITY = "iPhone Distribution";
				CODE_SIGN_STYLE = Manual;
				CURRENT_PROJECT_VERSION = 5;
				DEVELOPMENT_TEAM = 57MDPUFGC8;
				INFOPLIST_FILE = Widget/Info.plist;
				IPHONEOS_DEPLOYMENT_TARGET = 14.5;
				LD_RUNPATH_SEARCH_PATHS = (
					"$(inherited)",
					"@executable_path/Frameworks",
					"@executable_path/../../Frameworks",
				);
				PRODUCT_BUNDLE_IDENTIFIER = se.marber.Debaser.Widget;
				PRODUCT_NAME = "$(TARGET_NAME)";
				PROVISIONING_PROFILE_SPECIFIER = "Debaser Widget Ad Hoc Provisioning Profile";
				SKIP_INSTALL = YES;
				SWIFT_OBJC_BRIDGING_HEADER = "";
				SWIFT_VERSION = 5.0;
				TARGETED_DEVICE_FAMILY = 1;
			};
			name = Release;
		};
		85B4499126383E9C00C095FA /* Debug */ = {
			isa = XCBuildConfiguration;
			buildSettings = {
				ASSETCATALOG_COMPILER_APPICON_NAME = "iMessage App Icon";
				CODE_SIGN_IDENTITY = "Apple Development";
				CODE_SIGN_STYLE = Automatic;
				CURRENT_PROJECT_VERSION = 5;
				DEVELOPMENT_TEAM = 57MDPUFGC8;
				INFOPLIST_FILE = iMessage/Info.plist;
				IPHONEOS_DEPLOYMENT_TARGET = 14.5;
				LD_RUNPATH_SEARCH_PATHS = (
					"$(inherited)",
					"@executable_path/Frameworks",
					"@executable_path/../../Frameworks",
				);
				PRODUCT_BUNDLE_IDENTIFIER = se.marber.Debaser.iMessage;
				PRODUCT_NAME = "$(TARGET_NAME)";
				PROVISIONING_PROFILE_SPECIFIER = "";
				SKIP_INSTALL = YES;
				SWIFT_OBJC_BRIDGING_HEADER = "";
				SWIFT_VERSION = 5.0;
				TARGETED_DEVICE_FAMILY = 1;
			};
			name = Debug;
		};
		85B4499226383E9C00C095FA /* Release */ = {
			isa = XCBuildConfiguration;
			buildSettings = {
				ASSETCATALOG_COMPILER_APPICON_NAME = "iMessage App Icon";
				CODE_SIGN_IDENTITY = "iPhone Distribution";
				CODE_SIGN_STYLE = Manual;
				CURRENT_PROJECT_VERSION = 5;
				DEVELOPMENT_TEAM = 57MDPUFGC8;
				INFOPLIST_FILE = iMessage/Info.plist;
				IPHONEOS_DEPLOYMENT_TARGET = 14.5;
				LD_RUNPATH_SEARCH_PATHS = (
					"$(inherited)",
					"@executable_path/Frameworks",
					"@executable_path/../../Frameworks",
				);
				PRODUCT_BUNDLE_IDENTIFIER = se.marber.Debaser.iMessage;
				PRODUCT_NAME = "$(TARGET_NAME)";
				PROVISIONING_PROFILE_SPECIFIER = "Debaser iMessage Ad Hoc Provisioning Profile";
				SKIP_INSTALL = YES;
				SWIFT_OBJC_BRIDGING_HEADER = "";
				SWIFT_VERSION = 5.0;
				TARGETED_DEVICE_FAMILY = 1;
			};
			name = Release;
		};
/* End XCBuildConfiguration section */

/* Begin XCConfigurationList section */
		855B1A2525FB5B5C00C7A219 /* Build configuration list for PBXProject "Debaser" */ = {
			isa = XCConfigurationList;
			buildConfigurations = (
				855B1A4D25FB5B5F00C7A219 /* Debug */,
				855B1A4E25FB5B5F00C7A219 /* Release */,
			);
			defaultConfigurationIsVisible = 0;
			defaultConfigurationName = Release;
		};
		855B1A4F25FB5B5F00C7A219 /* Build configuration list for PBXNativeTarget "Debaser" */ = {
			isa = XCConfigurationList;
			buildConfigurations = (
				855B1A5025FB5B5F00C7A219 /* Debug */,
				855B1A5125FB5B5F00C7A219 /* Release */,
			);
			defaultConfigurationIsVisible = 0;
			defaultConfigurationName = Release;
		};
		855B1A5225FB5B5F00C7A219 /* Build configuration list for PBXNativeTarget "DebaserTests" */ = {
			isa = XCConfigurationList;
			buildConfigurations = (
				855B1A5325FB5B5F00C7A219 /* Debug */,
				855B1A5425FB5B5F00C7A219 /* Release */,
			);
			defaultConfigurationIsVisible = 0;
			defaultConfigurationName = Release;
		};
		855B1A5525FB5B5F00C7A219 /* Build configuration list for PBXNativeTarget "DebaserUITests" */ = {
			isa = XCConfigurationList;
			buildConfigurations = (
				855B1A5625FB5B5F00C7A219 /* Debug */,
				855B1A5725FB5B5F00C7A219 /* Release */,
			);
			defaultConfigurationIsVisible = 0;
			defaultConfigurationName = Release;
		};
		857F1F1A263B1307005BB985 /* Build configuration list for PBXNativeTarget "WidgetExtension" */ = {
			isa = XCConfigurationList;
			buildConfigurations = (
				857F1F18263B1307005BB985 /* Debug */,
				857F1F19263B1307005BB985 /* Release */,
			);
			defaultConfigurationIsVisible = 0;
			defaultConfigurationName = Release;
		};
		85B4499326383E9C00C095FA /* Build configuration list for PBXNativeTarget "iMessage" */ = {
			isa = XCConfigurationList;
			buildConfigurations = (
				85B4499126383E9C00C095FA /* Debug */,
				85B4499226383E9C00C095FA /* Release */,
			);
			defaultConfigurationIsVisible = 0;
			defaultConfigurationName = Release;
		};
/* End XCConfigurationList section */
	};
	rootObject = 855B1A2225FB5B5C00C7A219 /* Project object */;
}
