// !$*UTF8*$!
{
	archiveVersion = 1;
	classes = {
	};
	objectVersion = 50;
	objects = {

/* Begin PBXBuildFile section */
		850FB558260CB4DD001AD034 /* FavouritesView.swift in Sources */ = {isa = PBXBuildFile; fileRef = 850FB557260CB4DD001AD034 /* FavouritesView.swift */; };
		855310C2260C878C00F0D5F7 /* SelectDateView.swift in Sources */ = {isa = PBXBuildFile; fileRef = 855310C1260C878C00F0D5F7 /* SelectDateView.swift */; };
		855310CE260C8BF200F0D5F7 /* LatestEventView.swift in Sources */ = {isa = PBXBuildFile; fileRef = 855310CD260C8BF200F0D5F7 /* LatestEventView.swift */; };
		855310D3260C8BFA00F0D5F7 /* AllEventView.swift in Sources */ = {isa = PBXBuildFile; fileRef = 855310D2260C8BFA00F0D5F7 /* AllEventView.swift */; };
		855310D8260C8C0600F0D5F7 /* SettingsView.swift in Sources */ = {isa = PBXBuildFile; fileRef = 855310D7260C8C0600F0D5F7 /* SettingsView.swift */; };
		855B1A2E25FB5B5C00C7A219 /* DebaserApp.swift in Sources */ = {isa = PBXBuildFile; fileRef = 855B1A2D25FB5B5C00C7A219 /* DebaserApp.swift */; };
		855B1A3025FB5B5C00C7A219 /* ContentView.swift in Sources */ = {isa = PBXBuildFile; fileRef = 855B1A2F25FB5B5C00C7A219 /* ContentView.swift */; };
		855B1A3225FB5B5F00C7A219 /* Assets.xcassets in Resources */ = {isa = PBXBuildFile; fileRef = 855B1A3125FB5B5F00C7A219 /* Assets.xcassets */; };
		855B1A3525FB5B5F00C7A219 /* Preview Assets.xcassets in Resources */ = {isa = PBXBuildFile; fileRef = 855B1A3425FB5B5F00C7A219 /* Preview Assets.xcassets */; };
		855B1A4025FB5B5F00C7A219 /* DebaserTests.swift in Sources */ = {isa = PBXBuildFile; fileRef = 855B1A3F25FB5B5F00C7A219 /* DebaserTests.swift */; };
		855B1A4B25FB5B5F00C7A219 /* DebaserUITests.swift in Sources */ = {isa = PBXBuildFile; fileRef = 855B1A4A25FB5B5F00C7A219 /* DebaserUITests.swift */; };
		856926C7260BE234004B1761 /* Event.swift in Sources */ = {isa = PBXBuildFile; fileRef = 856926C6260BE234004B1761 /* Event.swift */; };
		856926D0260BE24B004B1761 /* EventService.swift in Sources */ = {isa = PBXBuildFile; fileRef = 856926CF260BE24B004B1761 /* EventService.swift */; };
		856926D6260BE9A2004B1761 /* ListViewViewModel.swift in Sources */ = {isa = PBXBuildFile; fileRef = 856926D5260BE9A2004B1761 /* ListViewViewModel.swift */; };
		856926DF260BE9B2004B1761 /* ListView.swift in Sources */ = {isa = PBXBuildFile; fileRef = 856926DE260BE9B2004B1761 /* ListView.swift */; };
/* End PBXBuildFile section */

/* Begin PBXContainerItemProxy section */
		855B1A3C25FB5B5F00C7A219 /* PBXContainerItemProxy */ = {
			isa = PBXContainerItemProxy;
			containerPortal = 855B1A2225FB5B5C00C7A219 /* Project object */;
			proxyType = 1;
			remoteGlobalIDString = 855B1A2925FB5B5C00C7A219;
			remoteInfo = Debaser;
		};
		855B1A4725FB5B5F00C7A219 /* PBXContainerItemProxy */ = {
			isa = PBXContainerItemProxy;
			containerPortal = 855B1A2225FB5B5C00C7A219 /* Project object */;
			proxyType = 1;
			remoteGlobalIDString = 855B1A2925FB5B5C00C7A219;
			remoteInfo = Debaser;
		};
/* End PBXContainerItemProxy section */

/* Begin PBXFileReference section */
		850FB557260CB4DD001AD034 /* FavouritesView.swift */ = {isa = PBXFileReference; lastKnownFileType = sourcecode.swift; path = FavouritesView.swift; sourceTree = "<group>"; };
		855310C1260C878C00F0D5F7 /* SelectDateView.swift */ = {isa = PBXFileReference; lastKnownFileType = sourcecode.swift; path = SelectDateView.swift; sourceTree = "<group>"; };
		855310CD260C8BF200F0D5F7 /* LatestEventView.swift */ = {isa = PBXFileReference; lastKnownFileType = sourcecode.swift; path = LatestEventView.swift; sourceTree = "<group>"; };
		855310D2260C8BFA00F0D5F7 /* AllEventView.swift */ = {isa = PBXFileReference; lastKnownFileType = sourcecode.swift; path = AllEventView.swift; sourceTree = "<group>"; };
		855310D7260C8C0600F0D5F7 /* SettingsView.swift */ = {isa = PBXFileReference; lastKnownFileType = sourcecode.swift; path = SettingsView.swift; sourceTree = "<group>"; };
		855B1A2A25FB5B5C00C7A219 /* Debaser.app */ = {isa = PBXFileReference; explicitFileType = wrapper.application; includeInIndex = 0; path = Debaser.app; sourceTree = BUILT_PRODUCTS_DIR; };
		855B1A2D25FB5B5C00C7A219 /* DebaserApp.swift */ = {isa = PBXFileReference; lastKnownFileType = sourcecode.swift; path = DebaserApp.swift; sourceTree = "<group>"; };
		855B1A2F25FB5B5C00C7A219 /* ContentView.swift */ = {isa = PBXFileReference; lastKnownFileType = sourcecode.swift; path = ContentView.swift; sourceTree = "<group>"; };
		855B1A3125FB5B5F00C7A219 /* Assets.xcassets */ = {isa = PBXFileReference; lastKnownFileType = folder.assetcatalog; path = Assets.xcassets; sourceTree = "<group>"; };
		855B1A3425FB5B5F00C7A219 /* Preview Assets.xcassets */ = {isa = PBXFileReference; lastKnownFileType = folder.assetcatalog; path = "Preview Assets.xcassets"; sourceTree = "<group>"; };
		855B1A3625FB5B5F00C7A219 /* Info.plist */ = {isa = PBXFileReference; lastKnownFileType = text.plist.xml; path = Info.plist; sourceTree = "<group>"; };
		855B1A3B25FB5B5F00C7A219 /* DebaserTests.xctest */ = {isa = PBXFileReference; explicitFileType = wrapper.cfbundle; includeInIndex = 0; path = DebaserTests.xctest; sourceTree = BUILT_PRODUCTS_DIR; };
		855B1A3F25FB5B5F00C7A219 /* DebaserTests.swift */ = {isa = PBXFileReference; lastKnownFileType = sourcecode.swift; path = DebaserTests.swift; sourceTree = "<group>"; };
		855B1A4125FB5B5F00C7A219 /* Info.plist */ = {isa = PBXFileReference; lastKnownFileType = text.plist.xml; path = Info.plist; sourceTree = "<group>"; };
		855B1A4625FB5B5F00C7A219 /* DebaserUITests.xctest */ = {isa = PBXFileReference; explicitFileType = wrapper.cfbundle; includeInIndex = 0; path = DebaserUITests.xctest; sourceTree = BUILT_PRODUCTS_DIR; };
		855B1A4A25FB5B5F00C7A219 /* DebaserUITests.swift */ = {isa = PBXFileReference; lastKnownFileType = sourcecode.swift; path = DebaserUITests.swift; sourceTree = "<group>"; };
		855B1A4C25FB5B5F00C7A219 /* Info.plist */ = {isa = PBXFileReference; lastKnownFileType = text.plist.xml; path = Info.plist; sourceTree = "<group>"; };
		856926C6260BE234004B1761 /* Event.swift */ = {isa = PBXFileReference; lastKnownFileType = sourcecode.swift; path = Event.swift; sourceTree = "<group>"; };
		856926CF260BE24B004B1761 /* EventService.swift */ = {isa = PBXFileReference; lastKnownFileType = sourcecode.swift; path = EventService.swift; sourceTree = "<group>"; };
		856926D5260BE9A2004B1761 /* ListViewViewModel.swift */ = {isa = PBXFileReference; lastKnownFileType = sourcecode.swift; path = ListViewViewModel.swift; sourceTree = "<group>"; };
		856926DE260BE9B2004B1761 /* ListView.swift */ = {isa = PBXFileReference; lastKnownFileType = sourcecode.swift; path = ListView.swift; sourceTree = "<group>"; };
/* End PBXFileReference section */

/* Begin PBXFrameworksBuildPhase section */
		855B1A2725FB5B5C00C7A219 /* Frameworks */ = {
			isa = PBXFrameworksBuildPhase;
			buildActionMask = 2147483647;
			files = (
			);
			runOnlyForDeploymentPostprocessing = 0;
		};
		855B1A3825FB5B5F00C7A219 /* Frameworks */ = {
			isa = PBXFrameworksBuildPhase;
			buildActionMask = 2147483647;
			files = (
			);
			runOnlyForDeploymentPostprocessing = 0;
		};
		855B1A4325FB5B5F00C7A219 /* Frameworks */ = {
			isa = PBXFrameworksBuildPhase;
			buildActionMask = 2147483647;
			files = (
			);
			runOnlyForDeploymentPostprocessing = 0;
		};
/* End PBXFrameworksBuildPhase section */

/* Begin PBXGroup section */
		855310C9260C8BBC00F0D5F7 /* Container */ = {
			isa = PBXGroup;
			children = (
				855310CD260C8BF200F0D5F7 /* LatestEventView.swift */,
				855310D2260C8BFA00F0D5F7 /* AllEventView.swift */,
				850FB557260CB4DD001AD034 /* FavouritesView.swift */,
				855310D7260C8C0600F0D5F7 /* SettingsView.swift */,
			);
			path = Container;
			sourceTree = "<group>";
		};
		855B1A2125FB5B5C00C7A219 = {
			isa = PBXGroup;
			children = (
				855B1A2C25FB5B5C00C7A219 /* Debaser */,
				855B1A3E25FB5B5F00C7A219 /* DebaserTests */,
				855B1A4925FB5B5F00C7A219 /* DebaserUITests */,
				855B1A2B25FB5B5C00C7A219 /* Products */,
			);
			sourceTree = "<group>";
		};
		855B1A2B25FB5B5C00C7A219 /* Products */ = {
			isa = PBXGroup;
			children = (
				855B1A2A25FB5B5C00C7A219 /* Debaser.app */,
				855B1A3B25FB5B5F00C7A219 /* DebaserTests.xctest */,
				855B1A4625FB5B5F00C7A219 /* DebaserUITests.xctest */,
			);
			name = Products;
			sourceTree = "<group>";
		};
		855B1A2C25FB5B5C00C7A219 /* Debaser */ = {
			isa = PBXGroup;
			children = (
				855310C9260C8BBC00F0D5F7 /* Container */,
				856926DD260BE9A9004B1761 /* View */,
				856926D4260BE978004B1761 /* ViewModel */,
				856926CE260BE23B004B1761 /* Service */,
				856926C5260BE229004B1761 /* Model */,
				855B1A2D25FB5B5C00C7A219 /* DebaserApp.swift */,
				855B1A2F25FB5B5C00C7A219 /* ContentView.swift */,
				855B1A3125FB5B5F00C7A219 /* Assets.xcassets */,
				855B1A3625FB5B5F00C7A219 /* Info.plist */,
				855B1A3325FB5B5F00C7A219 /* Preview Content */,
			);
			path = Debaser;
			sourceTree = "<group>";
		};
		855B1A3325FB5B5F00C7A219 /* Preview Content */ = {
			isa = PBXGroup;
			children = (
				855B1A3425FB5B5F00C7A219 /* Preview Assets.xcassets */,
			);
			path = "Preview Content";
			sourceTree = "<group>";
		};
		855B1A3E25FB5B5F00C7A219 /* DebaserTests */ = {
			isa = PBXGroup;
			children = (
				855B1A3F25FB5B5F00C7A219 /* DebaserTests.swift */,
				855B1A4125FB5B5F00C7A219 /* Info.plist */,
			);
			path = DebaserTests;
			sourceTree = "<group>";
		};
		855B1A4925FB5B5F00C7A219 /* DebaserUITests */ = {
			isa = PBXGroup;
			children = (
				855B1A4A25FB5B5F00C7A219 /* DebaserUITests.swift */,
				855B1A4C25FB5B5F00C7A219 /* Info.plist */,
			);
			path = DebaserUITests;
			sourceTree = "<group>";
		};
		856926C5260BE229004B1761 /* Model */ = {
			isa = PBXGroup;
			children = (
				856926C6260BE234004B1761 /* Event.swift */,
			);
			path = Model;
			sourceTree = "<group>";
		};
		856926CE260BE23B004B1761 /* Service */ = {
			isa = PBXGroup;
			children = (
				856926CF260BE24B004B1761 /* EventService.swift */,
			);
			path = Service;
			sourceTree = "<group>";
		};
		856926D4260BE978004B1761 /* ViewModel */ = {
			isa = PBXGroup;
			children = (
				856926D5260BE9A2004B1761 /* ListViewViewModel.swift */,
			);
			path = ViewModel;
			sourceTree = "<group>";
		};
		856926DD260BE9A9004B1761 /* View */ = {
			isa = PBXGroup;
			children = (
				856926DE260BE9B2004B1761 /* ListView.swift */,
				855310C1260C878C00F0D5F7 /* SelectDateView.swift */,
			);
			path = View;
			sourceTree = "<group>";
		};
/* End PBXGroup section */

/* Begin PBXNativeTarget section */
		855B1A2925FB5B5C00C7A219 /* Debaser */ = {
			isa = PBXNativeTarget;
			buildConfigurationList = 855B1A4F25FB5B5F00C7A219 /* Build configuration list for PBXNativeTarget "Debaser" */;
			buildPhases = (
				855B1A2625FB5B5C00C7A219 /* Sources */,
				855B1A2725FB5B5C00C7A219 /* Frameworks */,
				855B1A2825FB5B5C00C7A219 /* Resources */,
			);
			buildRules = (
			);
			dependencies = (
			);
			name = Debaser;
			productName = Debaser;
			productReference = 855B1A2A25FB5B5C00C7A219 /* Debaser.app */;
			productType = "com.apple.product-type.application";
		};
		855B1A3A25FB5B5F00C7A219 /* DebaserTests */ = {
			isa = PBXNativeTarget;
			buildConfigurationList = 855B1A5225FB5B5F00C7A219 /* Build configuration list for PBXNativeTarget "DebaserTests" */;
			buildPhases = (
				855B1A3725FB5B5F00C7A219 /* Sources */,
				855B1A3825FB5B5F00C7A219 /* Frameworks */,
				855B1A3925FB5B5F00C7A219 /* Resources */,
			);
			buildRules = (
			);
			dependencies = (
				855B1A3D25FB5B5F00C7A219 /* PBXTargetDependency */,
			);
			name = DebaserTests;
			productName = DebaserTests;
			productReference = 855B1A3B25FB5B5F00C7A219 /* DebaserTests.xctest */;
			productType = "com.apple.product-type.bundle.unit-test";
		};
		855B1A4525FB5B5F00C7A219 /* DebaserUITests */ = {
			isa = PBXNativeTarget;
			buildConfigurationList = 855B1A5525FB5B5F00C7A219 /* Build configuration list for PBXNativeTarget "DebaserUITests" */;
			buildPhases = (
				855B1A4225FB5B5F00C7A219 /* Sources */,
				855B1A4325FB5B5F00C7A219 /* Frameworks */,
				855B1A4425FB5B5F00C7A219 /* Resources */,
			);
			buildRules = (
			);
			dependencies = (
				855B1A4825FB5B5F00C7A219 /* PBXTargetDependency */,
			);
			name = DebaserUITests;
			productName = DebaserUITests;
			productReference = 855B1A4625FB5B5F00C7A219 /* DebaserUITests.xctest */;
			productType = "com.apple.product-type.bundle.ui-testing";
		};
/* End PBXNativeTarget section */

/* Begin PBXProject section */
		855B1A2225FB5B5C00C7A219 /* Project object */ = {
			isa = PBXProject;
			attributes = {
				LastSwiftUpdateCheck = 1240;
				LastUpgradeCheck = 1240;
				TargetAttributes = {
					855B1A2925FB5B5C00C7A219 = {
						CreatedOnToolsVersion = 12.4;
					};
					855B1A3A25FB5B5F00C7A219 = {
						CreatedOnToolsVersion = 12.4;
						TestTargetID = 855B1A2925FB5B5C00C7A219;
					};
					855B1A4525FB5B5F00C7A219 = {
						CreatedOnToolsVersion = 12.4;
						TestTargetID = 855B1A2925FB5B5C00C7A219;
					};
				};
			};
			buildConfigurationList = 855B1A2525FB5B5C00C7A219 /* Build configuration list for PBXProject "Debaser" */;
			compatibilityVersion = "Xcode 9.3";
			developmentRegion = en;
			hasScannedForEncodings = 0;
			knownRegions = (
				en,
				Base,
			);
			mainGroup = 855B1A2125FB5B5C00C7A219;
			productRefGroup = 855B1A2B25FB5B5C00C7A219 /* Products */;
			projectDirPath = "";
			projectRoot = "";
			targets = (
				855B1A2925FB5B5C00C7A219 /* Debaser */,
				855B1A3A25FB5B5F00C7A219 /* DebaserTests */,
				855B1A4525FB5B5F00C7A219 /* DebaserUITests */,
			);
		};
/* End PBXProject section */

/* Begin PBXResourcesBuildPhase section */
		855B1A2825FB5B5C00C7A219 /* Resources */ = {
			isa = PBXResourcesBuildPhase;
			buildActionMask = 2147483647;
			files = (
				855B1A3525FB5B5F00C7A219 /* Preview Assets.xcassets in Resources */,
				855B1A3225FB5B5F00C7A219 /* Assets.xcassets in Resources */,
			);
			runOnlyForDeploymentPostprocessing = 0;
		};
		855B1A3925FB5B5F00C7A219 /* Resources */ = {
			isa = PBXResourcesBuildPhase;
			buildActionMask = 2147483647;
			files = (
			);
			runOnlyForDeploymentPostprocessing = 0;
		};
		855B1A4425FB5B5F00C7A219 /* Resources */ = {
			isa = PBXResourcesBuildPhase;
			buildActionMask = 2147483647;
			files = (
			);
			runOnlyForDeploymentPostprocessing = 0;
		};
/* End PBXResourcesBuildPhase section */

/* Begin PBXSourcesBuildPhase section */
		855B1A2625FB5B5C00C7A219 /* Sources */ = {
			isa = PBXSourcesBuildPhase;
			buildActionMask = 2147483647;
			files = (
				856926D0260BE24B004B1761 /* EventService.swift in Sources */,
				855B1A3025FB5B5C00C7A219 /* ContentView.swift in Sources */,
				856926DF260BE9B2004B1761 /* ListView.swift in Sources */,
				855310C2260C878C00F0D5F7 /* SelectDateView.swift in Sources */,
				856926C7260BE234004B1761 /* Event.swift in Sources */,
				850FB558260CB4DD001AD034 /* FavouritesView.swift in Sources */,
				855310CE260C8BF200F0D5F7 /* LatestEventView.swift in Sources */,
				856926D6260BE9A2004B1761 /* ListViewViewModel.swift in Sources */,
				855B1A2E25FB5B5C00C7A219 /* DebaserApp.swift in Sources */,
				855310D3260C8BFA00F0D5F7 /* AllEventView.swift in Sources */,
				855310D8260C8C0600F0D5F7 /* SettingsView.swift in Sources */,
			);
			runOnlyForDeploymentPostprocessing = 0;
		};
		855B1A3725FB5B5F00C7A219 /* Sources */ = {
			isa = PBXSourcesBuildPhase;
			buildActionMask = 2147483647;
			files = (
				855B1A4025FB5B5F00C7A219 /* DebaserTests.swift in Sources */,
			);
			runOnlyForDeploymentPostprocessing = 0;
		};
		855B1A4225FB5B5F00C7A219 /* Sources */ = {
			isa = PBXSourcesBuildPhase;
			buildActionMask = 2147483647;
			files = (
				855B1A4B25FB5B5F00C7A219 /* DebaserUITests.swift in Sources */,
			);
			runOnlyForDeploymentPostprocessing = 0;
		};
/* End PBXSourcesBuildPhase section */

/* Begin PBXTargetDependency section */
		855B1A3D25FB5B5F00C7A219 /* PBXTargetDependency */ = {
			isa = PBXTargetDependency;
			target = 855B1A2925FB5B5C00C7A219 /* Debaser */;
			targetProxy = 855B1A3C25FB5B5F00C7A219 /* PBXContainerItemProxy */;
		};
		855B1A4825FB5B5F00C7A219 /* PBXTargetDependency */ = {
			isa = PBXTargetDependency;
			target = 855B1A2925FB5B5C00C7A219 /* Debaser */;
			targetProxy = 855B1A4725FB5B5F00C7A219 /* PBXContainerItemProxy */;
		};
/* End PBXTargetDependency section */

/* Begin XCBuildConfiguration section */
		855B1A4D25FB5B5F00C7A219 /* Debug */ = {
			isa = XCBuildConfiguration;
			buildSettings = {
				ALWAYS_SEARCH_USER_PATHS = NO;
				CLANG_ANALYZER_NONNULL = YES;
				CLANG_ANALYZER_NUMBER_OBJECT_CONVERSION = YES_AGGRESSIVE;
				CLANG_CXX_LANGUAGE_STANDARD = "gnu++14";
				CLANG_CXX_LIBRARY = "libc++";
				CLANG_ENABLE_MODULES = YES;
				CLANG_ENABLE_OBJC_ARC = YES;
				CLANG_ENABLE_OBJC_WEAK = YES;
				CLANG_WARN_BLOCK_CAPTURE_AUTORELEASING = YES;
				CLANG_WARN_BOOL_CONVERSION = YES;
				CLANG_WARN_COMMA = YES;
				CLANG_WARN_CONSTANT_CONVERSION = YES;
				CLANG_WARN_DEPRECATED_OBJC_IMPLEMENTATIONS = YES;
				CLANG_WARN_DIRECT_OBJC_ISA_USAGE = YES_ERROR;
				CLANG_WARN_DOCUMENTATION_COMMENTS = YES;
				CLANG_WARN_EMPTY_BODY = YES;
				CLANG_WARN_ENUM_CONVERSION = YES;
				CLANG_WARN_INFINITE_RECURSION = YES;
				CLANG_WARN_INT_CONVERSION = YES;
				CLANG_WARN_NON_LITERAL_NULL_CONVERSION = YES;
				CLANG_WARN_OBJC_IMPLICIT_RETAIN_SELF = YES;
				CLANG_WARN_OBJC_LITERAL_CONVERSION = YES;
				CLANG_WARN_OBJC_ROOT_CLASS = YES_ERROR;
				CLANG_WARN_QUOTED_INCLUDE_IN_FRAMEWORK_HEADER = YES;
				CLANG_WARN_RANGE_LOOP_ANALYSIS = YES;
				CLANG_WARN_STRICT_PROTOTYPES = YES;
				CLANG_WARN_SUSPICIOUS_MOVE = YES;
				CLANG_WARN_UNGUARDED_AVAILABILITY = YES_AGGRESSIVE;
				CLANG_WARN_UNREACHABLE_CODE = YES;
				CLANG_WARN__DUPLICATE_METHOD_MATCH = YES;
				COPY_PHASE_STRIP = NO;
				DEBUG_INFORMATION_FORMAT = dwarf;
				ENABLE_STRICT_OBJC_MSGSEND = YES;
				ENABLE_TESTABILITY = YES;
				GCC_C_LANGUAGE_STANDARD = gnu11;
				GCC_DYNAMIC_NO_PIC = NO;
				GCC_NO_COMMON_BLOCKS = YES;
				GCC_OPTIMIZATION_LEVEL = 0;
				GCC_PREPROCESSOR_DEFINITIONS = (
					"DEBUG=1",
					"$(inherited)",
				);
				GCC_WARN_64_TO_32_BIT_CONVERSION = YES;
				GCC_WARN_ABOUT_RETURN_TYPE = YES_ERROR;
				GCC_WARN_UNDECLARED_SELECTOR = YES;
				GCC_WARN_UNINITIALIZED_AUTOS = YES_AGGRESSIVE;
				GCC_WARN_UNUSED_FUNCTION = YES;
				GCC_WARN_UNUSED_VARIABLE = YES;
				IPHONEOS_DEPLOYMENT_TARGET = 14.4;
				MTL_ENABLE_DEBUG_INFO = INCLUDE_SOURCE;
				MTL_FAST_MATH = YES;
				ONLY_ACTIVE_ARCH = YES;
				SDKROOT = iphoneos;
				SWIFT_ACTIVE_COMPILATION_CONDITIONS = DEBUG;
				SWIFT_OPTIMIZATION_LEVEL = "-Onone";
			};
			name = Debug;
		};
		855B1A4E25FB5B5F00C7A219 /* Release */ = {
			isa = XCBuildConfiguration;
			buildSettings = {
				ALWAYS_SEARCH_USER_PATHS = NO;
				CLANG_ANALYZER_NONNULL = YES;
				CLANG_ANALYZER_NUMBER_OBJECT_CONVERSION = YES_AGGRESSIVE;
				CLANG_CXX_LANGUAGE_STANDARD = "gnu++14";
				CLANG_CXX_LIBRARY = "libc++";
				CLANG_ENABLE_MODULES = YES;
				CLANG_ENABLE_OBJC_ARC = YES;
				CLANG_ENABLE_OBJC_WEAK = YES;
				CLANG_WARN_BLOCK_CAPTURE_AUTORELEASING = YES;
				CLANG_WARN_BOOL_CONVERSION = YES;
				CLANG_WARN_COMMA = YES;
				CLANG_WARN_CONSTANT_CONVERSION = YES;
				CLANG_WARN_DEPRECATED_OBJC_IMPLEMENTATIONS = YES;
				CLANG_WARN_DIRECT_OBJC_ISA_USAGE = YES_ERROR;
				CLANG_WARN_DOCUMENTATION_COMMENTS = YES;
				CLANG_WARN_EMPTY_BODY = YES;
				CLANG_WARN_ENUM_CONVERSION = YES;
				CLANG_WARN_INFINITE_RECURSION = YES;
				CLANG_WARN_INT_CONVERSION = YES;
				CLANG_WARN_NON_LITERAL_NULL_CONVERSION = YES;
				CLANG_WARN_OBJC_IMPLICIT_RETAIN_SELF = YES;
				CLANG_WARN_OBJC_LITERAL_CONVERSION = YES;
				CLANG_WARN_OBJC_ROOT_CLASS = YES_ERROR;
				CLANG_WARN_QUOTED_INCLUDE_IN_FRAMEWORK_HEADER = YES;
				CLANG_WARN_RANGE_LOOP_ANALYSIS = YES;
				CLANG_WARN_STRICT_PROTOTYPES = YES;
				CLANG_WARN_SUSPICIOUS_MOVE = YES;
				CLANG_WARN_UNGUARDED_AVAILABILITY = YES_AGGRESSIVE;
				CLANG_WARN_UNREACHABLE_CODE = YES;
				CLANG_WARN__DUPLICATE_METHOD_MATCH = YES;
				COPY_PHASE_STRIP = NO;
				DEBUG_INFORMATION_FORMAT = "dwarf-with-dsym";
				ENABLE_NS_ASSERTIONS = NO;
				ENABLE_STRICT_OBJC_MSGSEND = YES;
				GCC_C_LANGUAGE_STANDARD = gnu11;
				GCC_NO_COMMON_BLOCKS = YES;
				GCC_WARN_64_TO_32_BIT_CONVERSION = YES;
				GCC_WARN_ABOUT_RETURN_TYPE = YES_ERROR;
				GCC_WARN_UNDECLARED_SELECTOR = YES;
				GCC_WARN_UNINITIALIZED_AUTOS = YES_AGGRESSIVE;
				GCC_WARN_UNUSED_FUNCTION = YES;
				GCC_WARN_UNUSED_VARIABLE = YES;
				IPHONEOS_DEPLOYMENT_TARGET = 14.4;
				MTL_ENABLE_DEBUG_INFO = NO;
				MTL_FAST_MATH = YES;
				SDKROOT = iphoneos;
				SWIFT_COMPILATION_MODE = wholemodule;
				SWIFT_OPTIMIZATION_LEVEL = "-O";
				VALIDATE_PRODUCT = YES;
			};
			name = Release;
		};
		855B1A5025FB5B5F00C7A219 /* Debug */ = {
			isa = XCBuildConfiguration;
			buildSettings = {
				ASSETCATALOG_COMPILER_APPICON_NAME = AppIcon;
				ASSETCATALOG_COMPILER_GLOBAL_ACCENT_COLOR_NAME = AccentColor;
				CODE_SIGN_STYLE = Automatic;
				DEVELOPMENT_ASSET_PATHS = "\"Debaser/Preview Content\"";
				DEVELOPMENT_TEAM = 57MDPUFGC8;
				ENABLE_PREVIEWS = YES;
				INFOPLIST_FILE = Debaser/Info.plist;
				IPHONEOS_DEPLOYMENT_TARGET = 14.0;
				LD_RUNPATH_SEARCH_PATHS = (
					"$(inherited)",
					"@executable_path/Frameworks",
				);
				PRODUCT_BUNDLE_IDENTIFIER = se.marber.Debaser;
				PRODUCT_NAME = "$(TARGET_NAME)";
				SWIFT_VERSION = 5.0;
				TARGETED_DEVICE_FAMILY = 1;
			};
			name = Debug;
		};
		855B1A5125FB5B5F00C7A219 /* Release */ = {
			isa = XCBuildConfiguration;
			buildSettings = {
				ASSETCATALOG_COMPILER_APPICON_NAME = AppIcon;
				ASSETCATALOG_COMPILER_GLOBAL_ACCENT_COLOR_NAME = AccentColor;
				CODE_SIGN_STYLE = Automatic;
				DEVELOPMENT_ASSET_PATHS = "\"Debaser/Preview Content\"";
				DEVELOPMENT_TEAM = 57MDPUFGC8;
				ENABLE_PREVIEWS = YES;
				INFOPLIST_FILE = Debaser/Info.plist;
				IPHONEOS_DEPLOYMENT_TARGET = 14.0;
				LD_RUNPATH_SEARCH_PATHS = (
					"$(inherited)",
					"@executable_path/Frameworks",
				);
				PRODUCT_BUNDLE_IDENTIFIER = se.marber.Debaser;
				PRODUCT_NAME = "$(TARGET_NAME)";
				SWIFT_VERSION = 5.0;
				TARGETED_DEVICE_FAMILY = 1;
			};
			name = Release;
		};
		855B1A5325FB5B5F00C7A219 /* Debug */ = {
			isa = XCBuildConfiguration;
			buildSettings = {
				ALWAYS_EMBED_SWIFT_STANDARD_LIBRARIES = YES;
				BUNDLE_LOADER = "$(TEST_HOST)";
				CODE_SIGN_STYLE = Automatic;
				DEVELOPMENT_TEAM = 57MDPUFGC8;
				INFOPLIST_FILE = DebaserTests/Info.plist;
				IPHONEOS_DEPLOYMENT_TARGET = 14.0;
				LD_RUNPATH_SEARCH_PATHS = (
					"$(inherited)",
					"@executable_path/Frameworks",
					"@loader_path/Frameworks",
				);
				PRODUCT_BUNDLE_IDENTIFIER = se.marber.DebaserTests;
				PRODUCT_NAME = "$(TARGET_NAME)";
				SWIFT_VERSION = 5.0;
				TARGETED_DEVICE_FAMILY = "1,2";
				TEST_HOST = "$(BUILT_PRODUCTS_DIR)/Debaser.app/Debaser";
			};
			name = Debug;
		};
		855B1A5425FB5B5F00C7A219 /* Release */ = {
			isa = XCBuildConfiguration;
			buildSettings = {
				ALWAYS_EMBED_SWIFT_STANDARD_LIBRARIES = YES;
				BUNDLE_LOADER = "$(TEST_HOST)";
				CODE_SIGN_STYLE = Automatic;
				DEVELOPMENT_TEAM = 57MDPUFGC8;
				INFOPLIST_FILE = DebaserTests/Info.plist;
				IPHONEOS_DEPLOYMENT_TARGET = 14.0;
				LD_RUNPATH_SEARCH_PATHS = (
					"$(inherited)",
					"@executable_path/Frameworks",
					"@loader_path/Frameworks",
				);
				PRODUCT_BUNDLE_IDENTIFIER = se.marber.DebaserTests;
				PRODUCT_NAME = "$(TARGET_NAME)";
				SWIFT_VERSION = 5.0;
				TARGETED_DEVICE_FAMILY = "1,2";
				TEST_HOST = "$(BUILT_PRODUCTS_DIR)/Debaser.app/Debaser";
			};
			name = Release;
		};
		855B1A5625FB5B5F00C7A219 /* Debug */ = {
			isa = XCBuildConfiguration;
			buildSettings = {
				ALWAYS_EMBED_SWIFT_STANDARD_LIBRARIES = YES;
				CODE_SIGN_STYLE = Automatic;
				DEVELOPMENT_TEAM = 57MDPUFGC8;
				INFOPLIST_FILE = DebaserUITests/Info.plist;
				LD_RUNPATH_SEARCH_PATHS = (
					"$(inherited)",
					"@executable_path/Frameworks",
					"@loader_path/Frameworks",
				);
				PRODUCT_BUNDLE_IDENTIFIER = se.marber.DebaserUITests;
				PRODUCT_NAME = "$(TARGET_NAME)";
				SWIFT_VERSION = 5.0;
				TARGETED_DEVICE_FAMILY = "1,2";
				TEST_TARGET_NAME = Debaser;
			};
			name = Debug;
		};
		855B1A5725FB5B5F00C7A219 /* Release */ = {
			isa = XCBuildConfiguration;
			buildSettings = {
				ALWAYS_EMBED_SWIFT_STANDARD_LIBRARIES = YES;
				CODE_SIGN_STYLE = Automatic;
				DEVELOPMENT_TEAM = 57MDPUFGC8;
				INFOPLIST_FILE = DebaserUITests/Info.plist;
				LD_RUNPATH_SEARCH_PATHS = (
					"$(inherited)",
					"@executable_path/Frameworks",
					"@loader_path/Frameworks",
				);
				PRODUCT_BUNDLE_IDENTIFIER = se.marber.DebaserUITests;
				PRODUCT_NAME = "$(TARGET_NAME)";
				SWIFT_VERSION = 5.0;
				TARGETED_DEVICE_FAMILY = "1,2";
				TEST_TARGET_NAME = Debaser;
			};
			name = Release;
		};
/* End XCBuildConfiguration section */

/* Begin XCConfigurationList section */
		855B1A2525FB5B5C00C7A219 /* Build configuration list for PBXProject "Debaser" */ = {
			isa = XCConfigurationList;
			buildConfigurations = (
				855B1A4D25FB5B5F00C7A219 /* Debug */,
				855B1A4E25FB5B5F00C7A219 /* Release */,
			);
			defaultConfigurationIsVisible = 0;
			defaultConfigurationName = Release;
		};
		855B1A4F25FB5B5F00C7A219 /* Build configuration list for PBXNativeTarget "Debaser" */ = {
			isa = XCConfigurationList;
			buildConfigurations = (
				855B1A5025FB5B5F00C7A219 /* Debug */,
				855B1A5125FB5B5F00C7A219 /* Release */,
			);
			defaultConfigurationIsVisible = 0;
			defaultConfigurationName = Release;
		};
		855B1A5225FB5B5F00C7A219 /* Build configuration list for PBXNativeTarget "DebaserTests" */ = {
			isa = XCConfigurationList;
			buildConfigurations = (
				855B1A5325FB5B5F00C7A219 /* Debug */,
				855B1A5425FB5B5F00C7A219 /* Release */,
			);
			defaultConfigurationIsVisible = 0;
			defaultConfigurationName = Release;
		};
		855B1A5525FB5B5F00C7A219 /* Build configuration list for PBXNativeTarget "DebaserUITests" */ = {
			isa = XCConfigurationList;
			buildConfigurations = (
				855B1A5625FB5B5F00C7A219 /* Debug */,
				855B1A5725FB5B5F00C7A219 /* Release */,
			);
			defaultConfigurationIsVisible = 0;
			defaultConfigurationName = Release;
		};
/* End XCConfigurationList section */
	};
	rootObject = 855B1A2225FB5B5C00C7A219 /* Project object */;
}
